// !$*UTF8*$!
{
	archiveVersion = 1;
	classes = {
	};
	objectVersion = 56;
	objects = {

/* Begin PBXBuildFile section */
		340754162C5FB42E006D9006 /* RequestToken.plist in Resources */ = {isa = PBXBuildFile; fileRef = 340754152C5FB42E006D9006 /* RequestToken.plist */; };
		340754182C5FB9DE006D9006 /* SearchActor.swift in Sources */ = {isa = PBXBuildFile; fileRef = 340754172C5FB9DE006D9006 /* SearchActor.swift */; };
		3407541C2C5FC14A006D9006 /* ActorDetailView.swift in Sources */ = {isa = PBXBuildFile; fileRef = 3407541B2C5FC14A006D9006 /* ActorDetailView.swift */; };
		3407541E2C5FC159006D9006 /* ActorDetailFeature.swift in Sources */ = {isa = PBXBuildFile; fileRef = 3407541D2C5FC159006D9006 /* ActorDetailFeature.swift */; };
		FF0A93242C6ED601005185AA /* UserDefault+.swift in Sources */ = {isa = PBXBuildFile; fileRef = FF0A93232C6ED601005185AA /* UserDefault+.swift */; };
		FF0A932B2C6ED8B8005185AA /* MovieDetailMemoView.swift in Sources */ = {isa = PBXBuildFile; fileRef = FF0A932A2C6ED8B8005185AA /* MovieDetailMemoView.swift */; };
		FF0A932E2C6EDE2F005185AA /* MovieDetailMemoFeature.swift in Sources */ = {isa = PBXBuildFile; fileRef = FF0A932D2C6EDE2F005185AA /* MovieDetailMemoFeature.swift */; };
		FF0A93302C6EE013005185AA /* MovieDetailMemo.swift in Sources */ = {isa = PBXBuildFile; fileRef = FF0A932F2C6EE013005185AA /* MovieDetailMemo.swift */; };
		FF0A93322C6EE339005185AA /* StandardNavigationScrollView.swift in Sources */ = {isa = PBXBuildFile; fileRef = FF0A93312C6EE339005185AA /* StandardNavigationScrollView.swift */; };
		FF2DFC432C536D61005804DB /* KobisManagerProtocol.swift in Sources */ = {isa = PBXBuildFile; fileRef = FF2DFC422C536D61005804DB /* KobisManagerProtocol.swift */; };
		FF2DFC452C536DB7005804DB /* KobisManagerKey.swift in Sources */ = {isa = PBXBuildFile; fileRef = FF2DFC442C536DB7005804DB /* KobisManagerKey.swift */; };
		FF723E0C2C5A144000F05A30 /* NavigationView+.swift in Sources */ = {isa = PBXBuildFile; fileRef = FF723E0B2C5A144000F05A30 /* NavigationView+.swift */; };
		FF723E0E2C5A1D3300F05A30 /* KobisMoiveDetail.swift in Sources */ = {isa = PBXBuildFile; fileRef = FF723E0D2C5A1D3300F05A30 /* KobisMoiveDetail.swift */; };
		FF7278992C5B571B00A22D47 /* DetailInfoView.swift in Sources */ = {isa = PBXBuildFile; fileRef = FF7278982C5B571B00A22D47 /* DetailInfoView.swift */; };
		FF72789B2C5C767B00A22D47 /* DetailInfoCell.swift in Sources */ = {isa = PBXBuildFile; fileRef = FF72789A2C5C767B00A22D47 /* DetailInfoCell.swift */; };
		FF72789E2C5C9F5600A22D47 /* DetailActorsView.swift in Sources */ = {isa = PBXBuildFile; fileRef = FF72789D2C5C9F5600A22D47 /* DetailActorsView.swift */; };
		FF7278A02C5C9F8000A22D47 /* DetailActorsFeature.swift in Sources */ = {isa = PBXBuildFile; fileRef = FF72789F2C5C9F8000A22D47 /* DetailActorsFeature.swift */; };
		FF7278A22C5CA28400A22D47 /* NavigationBar.swift in Sources */ = {isa = PBXBuildFile; fileRef = FF7278A12C5CA28400A22D47 /* NavigationBar.swift */; };
		FF7278A42C5CAE7A00A22D47 /* NavigationScrollView.swift in Sources */ = {isa = PBXBuildFile; fileRef = FF7278A32C5CAE7A00A22D47 /* NavigationScrollView.swift */; };
		FF7278A82C5CBC3E00A22D47 /* ViewStyle.swift in Sources */ = {isa = PBXBuildFile; fileRef = FF7278A72C5CBC3E00A22D47 /* ViewStyle.swift */; };
		FF7A3CCD2C69EBD800722491 /* SearchModel.swift in Sources */ = {isa = PBXBuildFile; fileRef = FF7A3CCC2C69EBD800722491 /* SearchModel.swift */; };
		FF7B82B32C72C8BE0022E3E1 /* TotalMemoView.swift in Sources */ = {isa = PBXBuildFile; fileRef = FF7B82B22C72C8BE0022E3E1 /* TotalMemoView.swift */; };
		FF7B82B52C72C8C90022E3E1 /* TotalMemoFeature.swift in Sources */ = {isa = PBXBuildFile; fileRef = FF7B82B42C72C8C90022E3E1 /* TotalMemoFeature.swift */; };
		FF7B82B72C72D9700022E3E1 /* AppFeature.swift in Sources */ = {isa = PBXBuildFile; fileRef = FF7B82B62C72D9700022E3E1 /* AppFeature.swift */; };
		FF7B82BA2C7328C70022E3E1 /* MovieMemoManager.swift in Sources */ = {isa = PBXBuildFile; fileRef = FF7B82B92C7328C70022E3E1 /* MovieMemoManager.swift */; };
		FF7B82BC2C7333E80022E3E1 /* MovieMemoManagerProtocol.swift in Sources */ = {isa = PBXBuildFile; fileRef = FF7B82BB2C7333E80022E3E1 /* MovieMemoManagerProtocol.swift */; };
		FF7B82BE2C73340F0022E3E1 /* MovieMemoManagerKey.swift in Sources */ = {isa = PBXBuildFile; fileRef = FF7B82BD2C73340F0022E3E1 /* MovieMemoManagerKey.swift */; };
		FF87BE522C60984D00773C17 /* ActorDetail.swift in Sources */ = {isa = PBXBuildFile; fileRef = FF87BE512C60984D00773C17 /* ActorDetail.swift */; };
		FF87BE542C60B13600773C17 /* LargeNavigationBar.swift in Sources */ = {isa = PBXBuildFile; fileRef = FF87BE532C60B13600773C17 /* LargeNavigationBar.swift */; };
		FF87BE562C60BDB300773C17 /* ActorDetailFilmoModel.swift in Sources */ = {isa = PBXBuildFile; fileRef = FF87BE552C60BDB300773C17 /* ActorDetailFilmoModel.swift */; };
		FF87BE5A2C61B6A000773C17 /* ErrorHandler.swift in Sources */ = {isa = PBXBuildFile; fileRef = FF87BE592C61B6A000773C17 /* ErrorHandler.swift */; };
		FF87BE5E2C61BE2200773C17 /* AlertModel.swift in Sources */ = {isa = PBXBuildFile; fileRef = FF87BE5D2C61BE2200773C17 /* AlertModel.swift */; };
		FF87BE612C65A14C00773C17 /* SearchView.swift in Sources */ = {isa = PBXBuildFile; fileRef = FF87BE602C65A14C00773C17 /* SearchView.swift */; };
		FF87BE632C65A15500773C17 /* SearchFeature.swift in Sources */ = {isa = PBXBuildFile; fileRef = FF87BE622C65A15500773C17 /* SearchFeature.swift */; };
		FF87BE652C65D93200773C17 /* MovieSearch.swift in Sources */ = {isa = PBXBuildFile; fileRef = FF87BE642C65D93200773C17 /* MovieSearch.swift */; };
		FF9C9F682C50C1AD006BB902 /* SWIFTUI_MovieApp.swift in Sources */ = {isa = PBXBuildFile; fileRef = FF9C9F672C50C1AD006BB902 /* SWIFTUI_MovieApp.swift */; };
		FF9C9F6A2C50C1AD006BB902 /* AppView.swift in Sources */ = {isa = PBXBuildFile; fileRef = FF9C9F692C50C1AD006BB902 /* AppView.swift */; };
		FF9C9F6C2C50C1AF006BB902 /* Assets.xcassets in Resources */ = {isa = PBXBuildFile; fileRef = FF9C9F6B2C50C1AF006BB902 /* Assets.xcassets */; };
		FF9C9F702C50C1AF006BB902 /* Preview Assets.xcassets in Resources */ = {isa = PBXBuildFile; fileRef = FF9C9F6F2C50C1AF006BB902 /* Preview Assets.xcassets */; };
		FF9C9F7A2C50C1AF006BB902 /* SWIFTUI_MovieTests.swift in Sources */ = {isa = PBXBuildFile; fileRef = FF9C9F792C50C1AF006BB902 /* SWIFTUI_MovieTests.swift */; };
		FF9C9F842C50C1AF006BB902 /* SWIFTUI_MovieUITests.swift in Sources */ = {isa = PBXBuildFile; fileRef = FF9C9F832C50C1AF006BB902 /* SWIFTUI_MovieUITests.swift */; };
		FF9C9F862C50C1AF006BB902 /* SWIFTUI_MovieUITestsLaunchTests.swift in Sources */ = {isa = PBXBuildFile; fileRef = FF9C9F852C50C1AF006BB902 /* SWIFTUI_MovieUITestsLaunchTests.swift */; };
		FF9C9F932C50C368006BB902 /* HomeView.swift in Sources */ = {isa = PBXBuildFile; fileRef = FF9C9F922C50C368006BB902 /* HomeView.swift */; };
		FF9C9F952C50C387006BB902 /* HomeFeature.swift in Sources */ = {isa = PBXBuildFile; fileRef = FF9C9F942C50C387006BB902 /* HomeFeature.swift */; };
		FF9C9F992C50CBE3006BB902 /* HomeMovieView.swift in Sources */ = {isa = PBXBuildFile; fileRef = FF9C9F982C50CBE3006BB902 /* HomeMovieView.swift */; };
		FF9C9F9E2C52355E006BB902 /* DependencyValues.swift in Sources */ = {isa = PBXBuildFile; fileRef = FF9C9F9D2C52355E006BB902 /* DependencyValues.swift */; };
		FF9C9FA02C523618006BB902 /* NetworkManager.swift in Sources */ = {isa = PBXBuildFile; fileRef = FF9C9F9F2C523618006BB902 /* NetworkManager.swift */; };
		FF9C9FA62C523E71006BB902 /* KobisManager.swift in Sources */ = {isa = PBXBuildFile; fileRef = FF9C9FA52C523E71006BB902 /* KobisManager.swift */; };
		FF9C9FA82C523F4A006BB902 /* Bundle+.swift in Sources */ = {isa = PBXBuildFile; fileRef = FF9C9FA72C523F4A006BB902 /* Bundle+.swift */; };
		FF9C9FAB2C5242C9006BB902 /* BoxofficeMovie.swift in Sources */ = {isa = PBXBuildFile; fileRef = FF9C9FAA2C5242C9006BB902 /* BoxofficeMovie.swift */; };
		FFA7A1462C57324A00D52009 /* KmdbManager.swift in Sources */ = {isa = PBXBuildFile; fileRef = FFA7A1452C57324A00D52009 /* KmdbManager.swift */; };
		FFA7A1482C57353300D52009 /* KMDBMovieDetail.swift in Sources */ = {isa = PBXBuildFile; fileRef = FFA7A1472C57353300D52009 /* KMDBMovieDetail.swift */; };
		FFA7A14A2C57590900D52009 /* HomeModel.swift in Sources */ = {isa = PBXBuildFile; fileRef = FFA7A1492C57590900D52009 /* HomeModel.swift */; };
		FFA7A14C2C5759D600D52009 /* KmdbManagerProtocol.swift in Sources */ = {isa = PBXBuildFile; fileRef = FFA7A14B2C5759D600D52009 /* KmdbManagerProtocol.swift */; };
		FFA7A14E2C5759F100D52009 /* KmdbManagerKey.swift in Sources */ = {isa = PBXBuildFile; fileRef = FFA7A14D2C5759F100D52009 /* KmdbManagerKey.swift */; };
		FFA7A1552C58823300D52009 /* DetailView.swift in Sources */ = {isa = PBXBuildFile; fileRef = FFA7A1542C58823300D52009 /* DetailView.swift */; };
		FFA7A1572C5882A600D52009 /* DetailFeature.swift in Sources */ = {isa = PBXBuildFile; fileRef = FFA7A1562C5882A600D52009 /* DetailFeature.swift */; };
		FFA7A15A2C58869E00D52009 /* ComposableArchitecture in Frameworks */ = {isa = PBXBuildFile; productRef = FFA7A1592C58869E00D52009 /* ComposableArchitecture */; };
		FFA7A15D2C5886AB00D52009 /* Kingfisher in Frameworks */ = {isa = PBXBuildFile; productRef = FFA7A15C2C5886AB00D52009 /* Kingfisher */; };
		FFA7A1602C59C89F00D52009 /* OffsetScrollView.swift in Sources */ = {isa = PBXBuildFile; fileRef = FFA7A15F2C59C89E00D52009 /* OffsetScrollView.swift */; };
/* End PBXBuildFile section */

/* Begin PBXContainerItemProxy section */
		FF9C9F762C50C1AF006BB902 /* PBXContainerItemProxy */ = {
			isa = PBXContainerItemProxy;
			containerPortal = FF9C9F5C2C50C1AD006BB902 /* Project object */;
			proxyType = 1;
			remoteGlobalIDString = FF9C9F632C50C1AD006BB902;
			remoteInfo = SWIFTUI_Movie;
		};
		FF9C9F802C50C1AF006BB902 /* PBXContainerItemProxy */ = {
			isa = PBXContainerItemProxy;
			containerPortal = FF9C9F5C2C50C1AD006BB902 /* Project object */;
			proxyType = 1;
			remoteGlobalIDString = FF9C9F632C50C1AD006BB902;
			remoteInfo = SWIFTUI_Movie;
		};
/* End PBXContainerItemProxy section */

/* Begin PBXFileReference section */
		340754152C5FB42E006D9006 /* RequestToken.plist */ = {isa = PBXFileReference; lastKnownFileType = text.plist.xml; path = RequestToken.plist; sourceTree = "<group>"; };
		340754172C5FB9DE006D9006 /* SearchActor.swift */ = {isa = PBXFileReference; lastKnownFileType = sourcecode.swift; path = SearchActor.swift; sourceTree = "<group>"; };
		3407541B2C5FC14A006D9006 /* ActorDetailView.swift */ = {isa = PBXFileReference; lastKnownFileType = sourcecode.swift; path = ActorDetailView.swift; sourceTree = "<group>"; };
		3407541D2C5FC159006D9006 /* ActorDetailFeature.swift */ = {isa = PBXFileReference; lastKnownFileType = sourcecode.swift; path = ActorDetailFeature.swift; sourceTree = "<group>"; };
		FF0A93232C6ED601005185AA /* UserDefault+.swift */ = {isa = PBXFileReference; lastKnownFileType = sourcecode.swift; path = "UserDefault+.swift"; sourceTree = "<group>"; };
		FF0A932A2C6ED8B8005185AA /* MovieDetailMemoView.swift */ = {isa = PBXFileReference; lastKnownFileType = sourcecode.swift; path = MovieDetailMemoView.swift; sourceTree = "<group>"; };
		FF0A932D2C6EDE2F005185AA /* MovieDetailMemoFeature.swift */ = {isa = PBXFileReference; lastKnownFileType = sourcecode.swift; path = MovieDetailMemoFeature.swift; sourceTree = "<group>"; };
		FF0A932F2C6EE013005185AA /* MovieDetailMemo.swift */ = {isa = PBXFileReference; lastKnownFileType = sourcecode.swift; path = MovieDetailMemo.swift; sourceTree = "<group>"; };
		FF0A93312C6EE339005185AA /* StandardNavigationScrollView.swift */ = {isa = PBXFileReference; lastKnownFileType = sourcecode.swift; path = StandardNavigationScrollView.swift; sourceTree = "<group>"; };
		FF2DFC422C536D61005804DB /* KobisManagerProtocol.swift */ = {isa = PBXFileReference; lastKnownFileType = sourcecode.swift; path = KobisManagerProtocol.swift; sourceTree = "<group>"; };
		FF2DFC442C536DB7005804DB /* KobisManagerKey.swift */ = {isa = PBXFileReference; lastKnownFileType = sourcecode.swift; path = KobisManagerKey.swift; sourceTree = "<group>"; };
		FF723E0B2C5A144000F05A30 /* NavigationView+.swift */ = {isa = PBXFileReference; lastKnownFileType = sourcecode.swift; path = "NavigationView+.swift"; sourceTree = "<group>"; };
		FF723E0D2C5A1D3300F05A30 /* KobisMoiveDetail.swift */ = {isa = PBXFileReference; lastKnownFileType = sourcecode.swift; path = KobisMoiveDetail.swift; sourceTree = "<group>"; };
		FF7278982C5B571B00A22D47 /* DetailInfoView.swift */ = {isa = PBXFileReference; lastKnownFileType = sourcecode.swift; path = DetailInfoView.swift; sourceTree = "<group>"; };
		FF72789A2C5C767B00A22D47 /* DetailInfoCell.swift */ = {isa = PBXFileReference; lastKnownFileType = sourcecode.swift; path = DetailInfoCell.swift; sourceTree = "<group>"; };
		FF72789D2C5C9F5600A22D47 /* DetailActorsView.swift */ = {isa = PBXFileReference; lastKnownFileType = sourcecode.swift; path = DetailActorsView.swift; sourceTree = "<group>"; };
		FF72789F2C5C9F8000A22D47 /* DetailActorsFeature.swift */ = {isa = PBXFileReference; lastKnownFileType = sourcecode.swift; path = DetailActorsFeature.swift; sourceTree = "<group>"; };
		FF7278A12C5CA28400A22D47 /* NavigationBar.swift */ = {isa = PBXFileReference; lastKnownFileType = sourcecode.swift; path = NavigationBar.swift; sourceTree = "<group>"; };
		FF7278A32C5CAE7A00A22D47 /* NavigationScrollView.swift */ = {isa = PBXFileReference; lastKnownFileType = sourcecode.swift; path = NavigationScrollView.swift; sourceTree = "<group>"; };
		FF7278A72C5CBC3E00A22D47 /* ViewStyle.swift */ = {isa = PBXFileReference; lastKnownFileType = sourcecode.swift; path = ViewStyle.swift; sourceTree = "<group>"; };
		FF7A3CCC2C69EBD800722491 /* SearchModel.swift */ = {isa = PBXFileReference; lastKnownFileType = sourcecode.swift; path = SearchModel.swift; sourceTree = "<group>"; };
		FF7B82B22C72C8BE0022E3E1 /* TotalMemoView.swift */ = {isa = PBXFileReference; lastKnownFileType = sourcecode.swift; path = TotalMemoView.swift; sourceTree = "<group>"; };
		FF7B82B42C72C8C90022E3E1 /* TotalMemoFeature.swift */ = {isa = PBXFileReference; lastKnownFileType = sourcecode.swift; path = TotalMemoFeature.swift; sourceTree = "<group>"; };
		FF7B82B62C72D9700022E3E1 /* AppFeature.swift */ = {isa = PBXFileReference; lastKnownFileType = sourcecode.swift; path = AppFeature.swift; sourceTree = "<group>"; };
		FF7B82B92C7328C70022E3E1 /* MovieMemoManager.swift */ = {isa = PBXFileReference; lastKnownFileType = sourcecode.swift; path = MovieMemoManager.swift; sourceTree = "<group>"; };
		FF7B82BB2C7333E80022E3E1 /* MovieMemoManagerProtocol.swift */ = {isa = PBXFileReference; lastKnownFileType = sourcecode.swift; path = MovieMemoManagerProtocol.swift; sourceTree = "<group>"; };
		FF7B82BD2C73340F0022E3E1 /* MovieMemoManagerKey.swift */ = {isa = PBXFileReference; lastKnownFileType = sourcecode.swift; path = MovieMemoManagerKey.swift; sourceTree = "<group>"; };
		FF87BE512C60984D00773C17 /* ActorDetail.swift */ = {isa = PBXFileReference; lastKnownFileType = sourcecode.swift; path = ActorDetail.swift; sourceTree = "<group>"; };
		FF87BE532C60B13600773C17 /* LargeNavigationBar.swift */ = {isa = PBXFileReference; lastKnownFileType = sourcecode.swift; path = LargeNavigationBar.swift; sourceTree = "<group>"; };
		FF87BE552C60BDB300773C17 /* ActorDetailFilmoModel.swift */ = {isa = PBXFileReference; lastKnownFileType = sourcecode.swift; path = ActorDetailFilmoModel.swift; sourceTree = "<group>"; };
		FF87BE592C61B6A000773C17 /* ErrorHandler.swift */ = {isa = PBXFileReference; lastKnownFileType = sourcecode.swift; path = ErrorHandler.swift; sourceTree = "<group>"; };
		FF87BE5D2C61BE2200773C17 /* AlertModel.swift */ = {isa = PBXFileReference; lastKnownFileType = sourcecode.swift; path = AlertModel.swift; sourceTree = "<group>"; };
		FF87BE602C65A14C00773C17 /* SearchView.swift */ = {isa = PBXFileReference; lastKnownFileType = sourcecode.swift; path = SearchView.swift; sourceTree = "<group>"; };
		FF87BE622C65A15500773C17 /* SearchFeature.swift */ = {isa = PBXFileReference; lastKnownFileType = sourcecode.swift; path = SearchFeature.swift; sourceTree = "<group>"; };
		FF87BE642C65D93200773C17 /* MovieSearch.swift */ = {isa = PBXFileReference; lastKnownFileType = sourcecode.swift; path = MovieSearch.swift; sourceTree = "<group>"; };
		FF9C9F642C50C1AD006BB902 /* SWIFTUI_Movie.app */ = {isa = PBXFileReference; explicitFileType = wrapper.application; includeInIndex = 0; path = SWIFTUI_Movie.app; sourceTree = BUILT_PRODUCTS_DIR; };
		FF9C9F672C50C1AD006BB902 /* SWIFTUI_MovieApp.swift */ = {isa = PBXFileReference; lastKnownFileType = sourcecode.swift; path = SWIFTUI_MovieApp.swift; sourceTree = "<group>"; };
		FF9C9F692C50C1AD006BB902 /* AppView.swift */ = {isa = PBXFileReference; lastKnownFileType = sourcecode.swift; path = AppView.swift; sourceTree = "<group>"; };
		FF9C9F6B2C50C1AF006BB902 /* Assets.xcassets */ = {isa = PBXFileReference; lastKnownFileType = folder.assetcatalog; path = Assets.xcassets; sourceTree = "<group>"; };
		FF9C9F6D2C50C1AF006BB902 /* SWIFTUI_Movie.entitlements */ = {isa = PBXFileReference; lastKnownFileType = text.plist.entitlements; path = SWIFTUI_Movie.entitlements; sourceTree = "<group>"; };
		FF9C9F6F2C50C1AF006BB902 /* Preview Assets.xcassets */ = {isa = PBXFileReference; lastKnownFileType = folder.assetcatalog; path = "Preview Assets.xcassets"; sourceTree = "<group>"; };
		FF9C9F752C50C1AF006BB902 /* SWIFTUI_MovieTests.xctest */ = {isa = PBXFileReference; explicitFileType = wrapper.cfbundle; includeInIndex = 0; path = SWIFTUI_MovieTests.xctest; sourceTree = BUILT_PRODUCTS_DIR; };
		FF9C9F792C50C1AF006BB902 /* SWIFTUI_MovieTests.swift */ = {isa = PBXFileReference; lastKnownFileType = sourcecode.swift; path = SWIFTUI_MovieTests.swift; sourceTree = "<group>"; };
		FF9C9F7F2C50C1AF006BB902 /* SWIFTUI_MovieUITests.xctest */ = {isa = PBXFileReference; explicitFileType = wrapper.cfbundle; includeInIndex = 0; path = SWIFTUI_MovieUITests.xctest; sourceTree = BUILT_PRODUCTS_DIR; };
		FF9C9F832C50C1AF006BB902 /* SWIFTUI_MovieUITests.swift */ = {isa = PBXFileReference; lastKnownFileType = sourcecode.swift; path = SWIFTUI_MovieUITests.swift; sourceTree = "<group>"; };
		FF9C9F852C50C1AF006BB902 /* SWIFTUI_MovieUITestsLaunchTests.swift */ = {isa = PBXFileReference; lastKnownFileType = sourcecode.swift; path = SWIFTUI_MovieUITestsLaunchTests.swift; sourceTree = "<group>"; };
		FF9C9F922C50C368006BB902 /* HomeView.swift */ = {isa = PBXFileReference; lastKnownFileType = sourcecode.swift; path = HomeView.swift; sourceTree = "<group>"; };
		FF9C9F942C50C387006BB902 /* HomeFeature.swift */ = {isa = PBXFileReference; lastKnownFileType = sourcecode.swift; path = HomeFeature.swift; sourceTree = "<group>"; };
		FF9C9F982C50CBE3006BB902 /* HomeMovieView.swift */ = {isa = PBXFileReference; lastKnownFileType = sourcecode.swift; path = HomeMovieView.swift; sourceTree = "<group>"; };
		FF9C9F9D2C52355E006BB902 /* DependencyValues.swift */ = {isa = PBXFileReference; lastKnownFileType = sourcecode.swift; path = DependencyValues.swift; sourceTree = "<group>"; };
		FF9C9F9F2C523618006BB902 /* NetworkManager.swift */ = {isa = PBXFileReference; lastKnownFileType = sourcecode.swift; path = NetworkManager.swift; sourceTree = "<group>"; };
		FF9C9FA52C523E71006BB902 /* KobisManager.swift */ = {isa = PBXFileReference; lastKnownFileType = sourcecode.swift; path = KobisManager.swift; sourceTree = "<group>"; };
		FF9C9FA72C523F4A006BB902 /* Bundle+.swift */ = {isa = PBXFileReference; lastKnownFileType = sourcecode.swift; path = "Bundle+.swift"; sourceTree = "<group>"; };
		FF9C9FAA2C5242C9006BB902 /* BoxofficeMovie.swift */ = {isa = PBXFileReference; lastKnownFileType = sourcecode.swift; path = BoxofficeMovie.swift; sourceTree = "<group>"; };
		FF9C9FAC2C524760006BB902 /* SWIFTUI-Movie-Info.plist */ = {isa = PBXFileReference; lastKnownFileType = text.plist; path = "SWIFTUI-Movie-Info.plist"; sourceTree = SOURCE_ROOT; };
		FFA7A1452C57324A00D52009 /* KmdbManager.swift */ = {isa = PBXFileReference; lastKnownFileType = sourcecode.swift; path = KmdbManager.swift; sourceTree = "<group>"; };
		FFA7A1472C57353300D52009 /* KMDBMovieDetail.swift */ = {isa = PBXFileReference; lastKnownFileType = sourcecode.swift; path = KMDBMovieDetail.swift; sourceTree = "<group>"; };
		FFA7A1492C57590900D52009 /* HomeModel.swift */ = {isa = PBXFileReference; lastKnownFileType = sourcecode.swift; path = HomeModel.swift; sourceTree = "<group>"; };
		FFA7A14B2C5759D600D52009 /* KmdbManagerProtocol.swift */ = {isa = PBXFileReference; lastKnownFileType = sourcecode.swift; path = KmdbManagerProtocol.swift; sourceTree = "<group>"; };
		FFA7A14D2C5759F100D52009 /* KmdbManagerKey.swift */ = {isa = PBXFileReference; lastKnownFileType = sourcecode.swift; path = KmdbManagerKey.swift; sourceTree = "<group>"; };
		FFA7A1542C58823300D52009 /* DetailView.swift */ = {isa = PBXFileReference; lastKnownFileType = sourcecode.swift; path = DetailView.swift; sourceTree = "<group>"; };
		FFA7A1562C5882A600D52009 /* DetailFeature.swift */ = {isa = PBXFileReference; lastKnownFileType = sourcecode.swift; path = DetailFeature.swift; sourceTree = "<group>"; };
		FFA7A15F2C59C89E00D52009 /* OffsetScrollView.swift */ = {isa = PBXFileReference; lastKnownFileType = sourcecode.swift; path = OffsetScrollView.swift; sourceTree = "<group>"; };
/* End PBXFileReference section */

/* Begin PBXFrameworksBuildPhase section */
		FF9C9F612C50C1AD006BB902 /* Frameworks */ = {
			isa = PBXFrameworksBuildPhase;
			buildActionMask = 2147483647;
			files = (
				FFA7A15D2C5886AB00D52009 /* Kingfisher in Frameworks */,
				FFA7A15A2C58869E00D52009 /* ComposableArchitecture in Frameworks */,
			);
			runOnlyForDeploymentPostprocessing = 0;
		};
		FF9C9F722C50C1AF006BB902 /* Frameworks */ = {
			isa = PBXFrameworksBuildPhase;
			buildActionMask = 2147483647;
			files = (
			);
			runOnlyForDeploymentPostprocessing = 0;
		};
		FF9C9F7C2C50C1AF006BB902 /* Frameworks */ = {
			isa = PBXFrameworksBuildPhase;
			buildActionMask = 2147483647;
			files = (
			);
			runOnlyForDeploymentPostprocessing = 0;
		};
/* End PBXFrameworksBuildPhase section */

/* Begin PBXGroup section */
		3407541A2C5FC139006D9006 /* ActorDetail */ = {
			isa = PBXGroup;
			children = (
				3407541B2C5FC14A006D9006 /* ActorDetailView.swift */,
				3407541D2C5FC159006D9006 /* ActorDetailFeature.swift */,
			);
			path = ActorDetail;
			sourceTree = "<group>";
		};
		FF0A93222C6ED5F9005185AA /* UserDefaults */ = {
			isa = PBXGroup;
			children = (
				FF0A93232C6ED601005185AA /* UserDefault+.swift */,
			);
			path = UserDefaults;
			sourceTree = "<group>";
		};
		FF0A932C2C6ED8C2005185AA /* DetailMemo */ = {
			isa = PBXGroup;
			children = (
				FF0A932A2C6ED8B8005185AA /* MovieDetailMemoView.swift */,
				FF0A932D2C6EDE2F005185AA /* MovieDetailMemoFeature.swift */,
			);
			path = DetailMemo;
			sourceTree = "<group>";
		};
		FF72789C2C5C9F1900A22D47 /* DetailActors */ = {
			isa = PBXGroup;
			children = (
				FF72789D2C5C9F5600A22D47 /* DetailActorsView.swift */,
				FF72789F2C5C9F8000A22D47 /* DetailActorsFeature.swift */,
			);
			path = DetailActors;
			sourceTree = "<group>";
		};
		FF7A3CCE2C69F19100722491 /* Extension */ = {
			isa = PBXGroup;
			children = (
				FF9C9FA72C523F4A006BB902 /* Bundle+.swift */,
			);
			path = Extension;
			sourceTree = "<group>";
		};
		FF7B82B12C72C5100022E3E1 /* TotalMemo */ = {
			isa = PBXGroup;
			children = (
				FF7B82B22C72C8BE0022E3E1 /* TotalMemoView.swift */,
				FF7B82B42C72C8C90022E3E1 /* TotalMemoFeature.swift */,
			);
			path = TotalMemo;
			sourceTree = "<group>";
		};
		FF7B82B82C7328BB0022E3E1 /* MovieMemo */ = {
			isa = PBXGroup;
			children = (
				FF7B82B92C7328C70022E3E1 /* MovieMemoManager.swift */,
				FF7B82BD2C73340F0022E3E1 /* MovieMemoManagerKey.swift */,
				FF7B82BB2C7333E80022E3E1 /* MovieMemoManagerProtocol.swift */,
			);
			path = MovieMemo;
			sourceTree = "<group>";
		};
		FF87BE5F2C659FD300773C17 /* Search */ = {
			isa = PBXGroup;
			children = (
				FF87BE602C65A14C00773C17 /* SearchView.swift */,
				FF87BE622C65A15500773C17 /* SearchFeature.swift */,
				FF7A3CCC2C69EBD800722491 /* SearchModel.swift */,
			);
			path = Search;
			sourceTree = "<group>";
		};
		FF9C9F5B2C50C1AD006BB902 = {
			isa = PBXGroup;
			children = (
				FF9C9F662C50C1AD006BB902 /* SWIFTUI_Movie */,
				FF9C9F782C50C1AF006BB902 /* SWIFTUI_MovieTests */,
				FF9C9F822C50C1AF006BB902 /* SWIFTUI_MovieUITests */,
				FF9C9F652C50C1AD006BB902 /* Products */,
			);
			sourceTree = "<group>";
		};
		FF9C9F652C50C1AD006BB902 /* Products */ = {
			isa = PBXGroup;
			children = (
				FF9C9F642C50C1AD006BB902 /* SWIFTUI_Movie.app */,
				FF9C9F752C50C1AF006BB902 /* SWIFTUI_MovieTests.xctest */,
				FF9C9F7F2C50C1AF006BB902 /* SWIFTUI_MovieUITests.xctest */,
			);
			name = Products;
			sourceTree = "<group>";
		};
		FF9C9F662C50C1AD006BB902 /* SWIFTUI_Movie */ = {
			isa = PBXGroup;
			children = (
				FF9C9FAC2C524760006BB902 /* SWIFTUI-Movie-Info.plist */,
				340754152C5FB42E006D9006 /* RequestToken.plist */,
				FF9C9F672C50C1AD006BB902 /* SWIFTUI_MovieApp.swift */,
				FF9C9F692C50C1AD006BB902 /* AppView.swift */,
				FF7B82B62C72D9700022E3E1 /* AppFeature.swift */,
				FF9C9F6D2C50C1AF006BB902 /* SWIFTUI_Movie.entitlements */,
				FF9C9F6B2C50C1AF006BB902 /* Assets.xcassets */,
				FF7A3CCE2C69F19100722491 /* Extension */,
				FFA7A1522C587C1400D52009 /* Presentation */,
				FF9C9FA92C52429A006BB902 /* Model */,
				FF0A93222C6ED5F9005185AA /* UserDefaults */,
				FF9C9FA32C523DE7006BB902 /* Network */,
				FF9C9F9C2C52353A006BB902 /* Dependency */,
				FF9C9F6E2C50C1AF006BB902 /* Preview Content */,
			);
			path = SWIFTUI_Movie;
			sourceTree = "<group>";
		};
		FF9C9F6E2C50C1AF006BB902 /* Preview Content */ = {
			isa = PBXGroup;
			children = (
				FF9C9F6F2C50C1AF006BB902 /* Preview Assets.xcassets */,
			);
			path = "Preview Content";
			sourceTree = "<group>";
		};
		FF9C9F782C50C1AF006BB902 /* SWIFTUI_MovieTests */ = {
			isa = PBXGroup;
			children = (
				FF9C9F792C50C1AF006BB902 /* SWIFTUI_MovieTests.swift */,
			);
			path = SWIFTUI_MovieTests;
			sourceTree = "<group>";
		};
		FF9C9F822C50C1AF006BB902 /* SWIFTUI_MovieUITests */ = {
			isa = PBXGroup;
			children = (
				FF9C9F832C50C1AF006BB902 /* SWIFTUI_MovieUITests.swift */,
				FF9C9F852C50C1AF006BB902 /* SWIFTUI_MovieUITestsLaunchTests.swift */,
			);
			path = SWIFTUI_MovieUITests;
			sourceTree = "<group>";
		};
		FF9C9F962C50C38C006BB902 /* Home */ = {
			isa = PBXGroup;
			children = (
				FFA7A1492C57590900D52009 /* HomeModel.swift */,
				FF9C9F922C50C368006BB902 /* HomeView.swift */,
				FF9C9F942C50C387006BB902 /* HomeFeature.swift */,
				FF9C9F982C50CBE3006BB902 /* HomeMovieView.swift */,
			);
			name = Home;
			path = ..;
			sourceTree = "<group>";
		};
		FF9C9F9C2C52353A006BB902 /* Dependency */ = {
			isa = PBXGroup;
			children = (
				FF7B82B82C7328BB0022E3E1 /* MovieMemo */,
				FFA7A1442C57321000D52009 /* Kmdb */,
				FF9C9FA42C523E1C006BB902 /* Kobis */,
				FF9C9F9D2C52355E006BB902 /* DependencyValues.swift */,
			);
			path = Dependency;
			sourceTree = "<group>";
		};
		FF9C9FA32C523DE7006BB902 /* Network */ = {
			isa = PBXGroup;
			children = (
				FF9C9F9F2C523618006BB902 /* NetworkManager.swift */,
				FF87BE592C61B6A000773C17 /* ErrorHandler.swift */,
			);
			path = Network;
			sourceTree = "<group>";
		};
		FF9C9FA42C523E1C006BB902 /* Kobis */ = {
			isa = PBXGroup;
			children = (
				FF9C9FA52C523E71006BB902 /* KobisManager.swift */,
				FF2DFC422C536D61005804DB /* KobisManagerProtocol.swift */,
				FF2DFC442C536DB7005804DB /* KobisManagerKey.swift */,
			);
			path = Kobis;
			sourceTree = "<group>";
		};
		FF9C9FA92C52429A006BB902 /* Model */ = {
			isa = PBXGroup;
			children = (
				FF9C9FAA2C5242C9006BB902 /* BoxofficeMovie.swift */,
				FFA7A1472C57353300D52009 /* KMDBMovieDetail.swift */,
				FF723E0D2C5A1D3300F05A30 /* KobisMoiveDetail.swift */,
				340754172C5FB9DE006D9006 /* SearchActor.swift */,
				FF87BE512C60984D00773C17 /* ActorDetail.swift */,
				FF87BE552C60BDB300773C17 /* ActorDetailFilmoModel.swift */,
				FF87BE5D2C61BE2200773C17 /* AlertModel.swift */,
				FF87BE642C65D93200773C17 /* MovieSearch.swift */,
				FF0A932F2C6EE013005185AA /* MovieDetailMemo.swift */,
			);
			path = Model;
			sourceTree = "<group>";
		};
		FFA7A1442C57321000D52009 /* Kmdb */ = {
			isa = PBXGroup;
			children = (
				FFA7A1452C57324A00D52009 /* KmdbManager.swift */,
				FFA7A14B2C5759D600D52009 /* KmdbManagerProtocol.swift */,
				FFA7A14D2C5759F100D52009 /* KmdbManagerKey.swift */,
			);
			path = Kmdb;
			sourceTree = "<group>";
		};
		FFA7A1522C587C1400D52009 /* Presentation */ = {
			isa = PBXGroup;
			children = (
				FFA7A15E2C59C89000D52009 /* Common */,
				FF7B82B12C72C5100022E3E1 /* TotalMemo */,
				FF87BE5F2C659FD300773C17 /* Search */,
				3407541A2C5FC139006D9006 /* ActorDetail */,
				FFA7A1532C58822C00D52009 /* MovieDetail */,
				FF9C9F962C50C38C006BB902 /* Home */,
			);
			path = Presentation;
			sourceTree = "<group>";
		};
		FFA7A1532C58822C00D52009 /* MovieDetail */ = {
			isa = PBXGroup;
			children = (
				FF0A932C2C6ED8C2005185AA /* DetailMemo */,
				FF72789C2C5C9F1900A22D47 /* DetailActors */,
				FFA7A1542C58823300D52009 /* DetailView.swift */,
				FFA7A1562C5882A600D52009 /* DetailFeature.swift */,
			);
			path = MovieDetail;
			sourceTree = "<group>";
		};
		FFA7A15E2C59C89000D52009 /* Common */ = {
			isa = PBXGroup;
			children = (
				FFA7A15F2C59C89E00D52009 /* OffsetScrollView.swift */,
				FF723E0B2C5A144000F05A30 /* NavigationView+.swift */,
				FF7278A12C5CA28400A22D47 /* NavigationBar.swift */,
				FF7278A32C5CAE7A00A22D47 /* NavigationScrollView.swift */,
				FF7278A72C5CBC3E00A22D47 /* ViewStyle.swift */,
				FF7278982C5B571B00A22D47 /* DetailInfoView.swift */,
				FF72789A2C5C767B00A22D47 /* DetailInfoCell.swift */,
				FF87BE532C60B13600773C17 /* LargeNavigationBar.swift */,
				FF0A93312C6EE339005185AA /* StandardNavigationScrollView.swift */,
			);
			path = Common;
			sourceTree = "<group>";
		};
/* End PBXGroup section */

/* Begin PBXNativeTarget section */
		FF9C9F632C50C1AD006BB902 /* SWIFTUI_Movie */ = {
			isa = PBXNativeTarget;
			buildConfigurationList = FF9C9F892C50C1AF006BB902 /* Build configuration list for PBXNativeTarget "SWIFTUI_Movie" */;
			buildPhases = (
				FF9C9F602C50C1AD006BB902 /* Sources */,
				FF9C9F612C50C1AD006BB902 /* Frameworks */,
				FF9C9F622C50C1AD006BB902 /* Resources */,
			);
			buildRules = (
			);
			dependencies = (
			);
			name = SWIFTUI_Movie;
			packageProductDependencies = (
				FFA7A1592C58869E00D52009 /* ComposableArchitecture */,
				FFA7A15C2C5886AB00D52009 /* Kingfisher */,
			);
			productName = SWIFTUI_Movie;
			productReference = FF9C9F642C50C1AD006BB902 /* SWIFTUI_Movie.app */;
			productType = "com.apple.product-type.application";
		};
		FF9C9F742C50C1AF006BB902 /* SWIFTUI_MovieTests */ = {
			isa = PBXNativeTarget;
			buildConfigurationList = FF9C9F8C2C50C1AF006BB902 /* Build configuration list for PBXNativeTarget "SWIFTUI_MovieTests" */;
			buildPhases = (
				FF9C9F712C50C1AF006BB902 /* Sources */,
				FF9C9F722C50C1AF006BB902 /* Frameworks */,
				FF9C9F732C50C1AF006BB902 /* Resources */,
			);
			buildRules = (
			);
			dependencies = (
				FF9C9F772C50C1AF006BB902 /* PBXTargetDependency */,
			);
			name = SWIFTUI_MovieTests;
			packageProductDependencies = (
			);
			productName = SWIFTUI_MovieTests;
			productReference = FF9C9F752C50C1AF006BB902 /* SWIFTUI_MovieTests.xctest */;
			productType = "com.apple.product-type.bundle.unit-test";
		};
		FF9C9F7E2C50C1AF006BB902 /* SWIFTUI_MovieUITests */ = {
			isa = PBXNativeTarget;
			buildConfigurationList = FF9C9F8F2C50C1AF006BB902 /* Build configuration list for PBXNativeTarget "SWIFTUI_MovieUITests" */;
			buildPhases = (
				FF9C9F7B2C50C1AF006BB902 /* Sources */,
				FF9C9F7C2C50C1AF006BB902 /* Frameworks */,
				FF9C9F7D2C50C1AF006BB902 /* Resources */,
			);
			buildRules = (
			);
			dependencies = (
				FF9C9F812C50C1AF006BB902 /* PBXTargetDependency */,
			);
			name = SWIFTUI_MovieUITests;
			productName = SWIFTUI_MovieUITests;
			productReference = FF9C9F7F2C50C1AF006BB902 /* SWIFTUI_MovieUITests.xctest */;
			productType = "com.apple.product-type.bundle.ui-testing";
		};
/* End PBXNativeTarget section */

/* Begin PBXProject section */
		FF9C9F5C2C50C1AD006BB902 /* Project object */ = {
			isa = PBXProject;
			attributes = {
				BuildIndependentTargetsInParallel = 1;
				LastSwiftUpdateCheck = 1540;
				LastUpgradeCheck = 1540;
				TargetAttributes = {
					FF9C9F632C50C1AD006BB902 = {
						CreatedOnToolsVersion = 15.4;
					};
					FF9C9F742C50C1AF006BB902 = {
						CreatedOnToolsVersion = 15.4;
						TestTargetID = FF9C9F632C50C1AD006BB902;
					};
					FF9C9F7E2C50C1AF006BB902 = {
						CreatedOnToolsVersion = 15.4;
						TestTargetID = FF9C9F632C50C1AD006BB902;
					};
				};
			};
			buildConfigurationList = FF9C9F5F2C50C1AD006BB902 /* Build configuration list for PBXProject "SWIFTUI_Movie" */;
			compatibilityVersion = "Xcode 14.0";
			developmentRegion = en;
			hasScannedForEncodings = 0;
			knownRegions = (
				en,
				Base,
			);
			mainGroup = FF9C9F5B2C50C1AD006BB902;
			packageReferences = (
				FFA7A1582C58869E00D52009 /* XCRemoteSwiftPackageReference "swift-composable-architecture" */,
				FFA7A15B2C5886AA00D52009 /* XCRemoteSwiftPackageReference "Kingfisher" */,
			);
			productRefGroup = FF9C9F652C50C1AD006BB902 /* Products */;
			projectDirPath = "";
			projectRoot = "";
			targets = (
				FF9C9F632C50C1AD006BB902 /* SWIFTUI_Movie */,
				FF9C9F742C50C1AF006BB902 /* SWIFTUI_MovieTests */,
				FF9C9F7E2C50C1AF006BB902 /* SWIFTUI_MovieUITests */,
			);
		};
/* End PBXProject section */

/* Begin PBXResourcesBuildPhase section */
		FF9C9F622C50C1AD006BB902 /* Resources */ = {
			isa = PBXResourcesBuildPhase;
			buildActionMask = 2147483647;
			files = (
				340754162C5FB42E006D9006 /* RequestToken.plist in Resources */,
				FF9C9F702C50C1AF006BB902 /* Preview Assets.xcassets in Resources */,
				FF9C9F6C2C50C1AF006BB902 /* Assets.xcassets in Resources */,
			);
			runOnlyForDeploymentPostprocessing = 0;
		};
		FF9C9F732C50C1AF006BB902 /* Resources */ = {
			isa = PBXResourcesBuildPhase;
			buildActionMask = 2147483647;
			files = (
			);
			runOnlyForDeploymentPostprocessing = 0;
		};
		FF9C9F7D2C50C1AF006BB902 /* Resources */ = {
			isa = PBXResourcesBuildPhase;
			buildActionMask = 2147483647;
			files = (
			);
			runOnlyForDeploymentPostprocessing = 0;
		};
/* End PBXResourcesBuildPhase section */

/* Begin PBXSourcesBuildPhase section */
		FF9C9F602C50C1AD006BB902 /* Sources */ = {
			isa = PBXSourcesBuildPhase;
			buildActionMask = 2147483647;
			files = (
				FF7B82BA2C7328C70022E3E1 /* MovieMemoManager.swift in Sources */,
				FF9C9F932C50C368006BB902 /* HomeView.swift in Sources */,
				FF7278A02C5C9F8000A22D47 /* DetailActorsFeature.swift in Sources */,
				FF0A932B2C6ED8B8005185AA /* MovieDetailMemoView.swift in Sources */,
				FFA7A1602C59C89F00D52009 /* OffsetScrollView.swift in Sources */,
				FF87BE522C60984D00773C17 /* ActorDetail.swift in Sources */,
				FFA7A1552C58823300D52009 /* DetailView.swift in Sources */,
				FF87BE542C60B13600773C17 /* LargeNavigationBar.swift in Sources */,
				FF87BE5E2C61BE2200773C17 /* AlertModel.swift in Sources */,
				FF87BE5A2C61B6A000773C17 /* ErrorHandler.swift in Sources */,
				FF72789E2C5C9F5600A22D47 /* DetailActorsView.swift in Sources */,
				FF9C9F992C50CBE3006BB902 /* HomeMovieView.swift in Sources */,
				FF9C9F9E2C52355E006BB902 /* DependencyValues.swift in Sources */,
				FFA7A14E2C5759F100D52009 /* KmdbManagerKey.swift in Sources */,
				FFA7A1572C5882A600D52009 /* DetailFeature.swift in Sources */,
				FF7A3CCD2C69EBD800722491 /* SearchModel.swift in Sources */,
				FF7B82B32C72C8BE0022E3E1 /* TotalMemoView.swift in Sources */,
				FF9C9F952C50C387006BB902 /* HomeFeature.swift in Sources */,
				FF87BE632C65A15500773C17 /* SearchFeature.swift in Sources */,
				FF0A93302C6EE013005185AA /* MovieDetailMemo.swift in Sources */,
				FF723E0C2C5A144000F05A30 /* NavigationView+.swift in Sources */,
				FF7B82B52C72C8C90022E3E1 /* TotalMemoFeature.swift in Sources */,
				3407541E2C5FC159006D9006 /* ActorDetailFeature.swift in Sources */,
				FF7B82BE2C73340F0022E3E1 /* MovieMemoManagerKey.swift in Sources */,
				FF9C9FAB2C5242C9006BB902 /* BoxofficeMovie.swift in Sources */,
				FF7278A82C5CBC3E00A22D47 /* ViewStyle.swift in Sources */,
				FF0A93322C6EE339005185AA /* StandardNavigationScrollView.swift in Sources */,
				FF9C9F6A2C50C1AD006BB902 /* AppView.swift in Sources */,
				FF9C9FA62C523E71006BB902 /* KobisManager.swift in Sources */,
				FF87BE612C65A14C00773C17 /* SearchView.swift in Sources */,
				FF2DFC432C536D61005804DB /* KobisManagerProtocol.swift in Sources */,
				FFA7A14A2C57590900D52009 /* HomeModel.swift in Sources */,
				FF2DFC452C536DB7005804DB /* KobisManagerKey.swift in Sources */,
				FF9C9FA82C523F4A006BB902 /* Bundle+.swift in Sources */,
				FF87BE652C65D93200773C17 /* MovieSearch.swift in Sources */,
				FF9C9F682C50C1AD006BB902 /* SWIFTUI_MovieApp.swift in Sources */,
				FF0A932E2C6EDE2F005185AA /* MovieDetailMemoFeature.swift in Sources */,
				FF7278A42C5CAE7A00A22D47 /* NavigationScrollView.swift in Sources */,
				FF7278992C5B571B00A22D47 /* DetailInfoView.swift in Sources */,
				FF9C9FA02C523618006BB902 /* NetworkManager.swift in Sources */,
				FFA7A1462C57324A00D52009 /* KmdbManager.swift in Sources */,
				FFA7A1482C57353300D52009 /* KMDBMovieDetail.swift in Sources */,
				FF7B82B72C72D9700022E3E1 /* AppFeature.swift in Sources */,
				FF7B82BC2C7333E80022E3E1 /* MovieMemoManagerProtocol.swift in Sources */,
				3407541C2C5FC14A006D9006 /* ActorDetailView.swift in Sources */,
				FF7278A22C5CA28400A22D47 /* NavigationBar.swift in Sources */,
				FF723E0E2C5A1D3300F05A30 /* KobisMoiveDetail.swift in Sources */,
				340754182C5FB9DE006D9006 /* SearchActor.swift in Sources */,
				FF72789B2C5C767B00A22D47 /* DetailInfoCell.swift in Sources */,
				FFA7A14C2C5759D600D52009 /* KmdbManagerProtocol.swift in Sources */,
				FF0A93242C6ED601005185AA /* UserDefault+.swift in Sources */,
				FF87BE562C60BDB300773C17 /* ActorDetailFilmoModel.swift in Sources */,
			);
			runOnlyForDeploymentPostprocessing = 0;
		};
		FF9C9F712C50C1AF006BB902 /* Sources */ = {
			isa = PBXSourcesBuildPhase;
			buildActionMask = 2147483647;
			files = (
				FF9C9F7A2C50C1AF006BB902 /* SWIFTUI_MovieTests.swift in Sources */,
			);
			runOnlyForDeploymentPostprocessing = 0;
		};
		FF9C9F7B2C50C1AF006BB902 /* Sources */ = {
			isa = PBXSourcesBuildPhase;
			buildActionMask = 2147483647;
			files = (
				FF9C9F842C50C1AF006BB902 /* SWIFTUI_MovieUITests.swift in Sources */,
				FF9C9F862C50C1AF006BB902 /* SWIFTUI_MovieUITestsLaunchTests.swift in Sources */,
			);
			runOnlyForDeploymentPostprocessing = 0;
		};
/* End PBXSourcesBuildPhase section */

/* Begin PBXTargetDependency section */
		FF9C9F772C50C1AF006BB902 /* PBXTargetDependency */ = {
			isa = PBXTargetDependency;
			target = FF9C9F632C50C1AD006BB902 /* SWIFTUI_Movie */;
			targetProxy = FF9C9F762C50C1AF006BB902 /* PBXContainerItemProxy */;
		};
		FF9C9F812C50C1AF006BB902 /* PBXTargetDependency */ = {
			isa = PBXTargetDependency;
			target = FF9C9F632C50C1AD006BB902 /* SWIFTUI_Movie */;
			targetProxy = FF9C9F802C50C1AF006BB902 /* PBXContainerItemProxy */;
		};
/* End PBXTargetDependency section */

/* Begin XCBuildConfiguration section */
		FF9C9F872C50C1AF006BB902 /* Debug */ = {
			isa = XCBuildConfiguration;
			buildSettings = {
				ALWAYS_SEARCH_USER_PATHS = NO;
				ASSETCATALOG_COMPILER_GENERATE_SWIFT_ASSET_SYMBOL_EXTENSIONS = YES;
				CLANG_ANALYZER_NONNULL = YES;
				CLANG_ANALYZER_NUMBER_OBJECT_CONVERSION = YES_AGGRESSIVE;
				CLANG_CXX_LANGUAGE_STANDARD = "gnu++20";
				CLANG_ENABLE_MODULES = YES;
				CLANG_ENABLE_OBJC_ARC = YES;
				CLANG_ENABLE_OBJC_WEAK = YES;
				CLANG_WARN_BLOCK_CAPTURE_AUTORELEASING = YES;
				CLANG_WARN_BOOL_CONVERSION = YES;
				CLANG_WARN_COMMA = YES;
				CLANG_WARN_CONSTANT_CONVERSION = YES;
				CLANG_WARN_DEPRECATED_OBJC_IMPLEMENTATIONS = YES;
				CLANG_WARN_DIRECT_OBJC_ISA_USAGE = YES_ERROR;
				CLANG_WARN_DOCUMENTATION_COMMENTS = YES;
				CLANG_WARN_EMPTY_BODY = YES;
				CLANG_WARN_ENUM_CONVERSION = YES;
				CLANG_WARN_INFINITE_RECURSION = YES;
				CLANG_WARN_INT_CONVERSION = YES;
				CLANG_WARN_NON_LITERAL_NULL_CONVERSION = YES;
				CLANG_WARN_OBJC_IMPLICIT_RETAIN_SELF = YES;
				CLANG_WARN_OBJC_LITERAL_CONVERSION = YES;
				CLANG_WARN_OBJC_ROOT_CLASS = YES_ERROR;
				CLANG_WARN_QUOTED_INCLUDE_IN_FRAMEWORK_HEADER = YES;
				CLANG_WARN_RANGE_LOOP_ANALYSIS = YES;
				CLANG_WARN_STRICT_PROTOTYPES = YES;
				CLANG_WARN_SUSPICIOUS_MOVE = YES;
				CLANG_WARN_UNGUARDED_AVAILABILITY = YES_AGGRESSIVE;
				CLANG_WARN_UNREACHABLE_CODE = YES;
				CLANG_WARN__DUPLICATE_METHOD_MATCH = YES;
				COPY_PHASE_STRIP = NO;
				DEBUG_INFORMATION_FORMAT = dwarf;
				ENABLE_STRICT_OBJC_MSGSEND = YES;
				ENABLE_TESTABILITY = YES;
				ENABLE_USER_SCRIPT_SANDBOXING = YES;
				GCC_C_LANGUAGE_STANDARD = gnu17;
				GCC_DYNAMIC_NO_PIC = NO;
				GCC_NO_COMMON_BLOCKS = YES;
				GCC_OPTIMIZATION_LEVEL = 0;
				GCC_PREPROCESSOR_DEFINITIONS = (
					"DEBUG=1",
					"$(inherited)",
				);
				GCC_WARN_64_TO_32_BIT_CONVERSION = YES;
				GCC_WARN_ABOUT_RETURN_TYPE = YES_ERROR;
				GCC_WARN_UNDECLARED_SELECTOR = YES;
				GCC_WARN_UNINITIALIZED_AUTOS = YES_AGGRESSIVE;
				GCC_WARN_UNUSED_FUNCTION = YES;
				GCC_WARN_UNUSED_VARIABLE = YES;
				LOCALIZATION_PREFERS_STRING_CATALOGS = YES;
				MTL_ENABLE_DEBUG_INFO = INCLUDE_SOURCE;
				MTL_FAST_MATH = YES;
				ONLY_ACTIVE_ARCH = YES;
				SWIFT_ACTIVE_COMPILATION_CONDITIONS = "DEBUG $(inherited)";
				SWIFT_OPTIMIZATION_LEVEL = "-Onone";
			};
			name = Debug;
		};
		FF9C9F882C50C1AF006BB902 /* Release */ = {
			isa = XCBuildConfiguration;
			buildSettings = {
				ALWAYS_SEARCH_USER_PATHS = NO;
				ASSETCATALOG_COMPILER_GENERATE_SWIFT_ASSET_SYMBOL_EXTENSIONS = YES;
				CLANG_ANALYZER_NONNULL = YES;
				CLANG_ANALYZER_NUMBER_OBJECT_CONVERSION = YES_AGGRESSIVE;
				CLANG_CXX_LANGUAGE_STANDARD = "gnu++20";
				CLANG_ENABLE_MODULES = YES;
				CLANG_ENABLE_OBJC_ARC = YES;
				CLANG_ENABLE_OBJC_WEAK = YES;
				CLANG_WARN_BLOCK_CAPTURE_AUTORELEASING = YES;
				CLANG_WARN_BOOL_CONVERSION = YES;
				CLANG_WARN_COMMA = YES;
				CLANG_WARN_CONSTANT_CONVERSION = YES;
				CLANG_WARN_DEPRECATED_OBJC_IMPLEMENTATIONS = YES;
				CLANG_WARN_DIRECT_OBJC_ISA_USAGE = YES_ERROR;
				CLANG_WARN_DOCUMENTATION_COMMENTS = YES;
				CLANG_WARN_EMPTY_BODY = YES;
				CLANG_WARN_ENUM_CONVERSION = YES;
				CLANG_WARN_INFINITE_RECURSION = YES;
				CLANG_WARN_INT_CONVERSION = YES;
				CLANG_WARN_NON_LITERAL_NULL_CONVERSION = YES;
				CLANG_WARN_OBJC_IMPLICIT_RETAIN_SELF = YES;
				CLANG_WARN_OBJC_LITERAL_CONVERSION = YES;
				CLANG_WARN_OBJC_ROOT_CLASS = YES_ERROR;
				CLANG_WARN_QUOTED_INCLUDE_IN_FRAMEWORK_HEADER = YES;
				CLANG_WARN_RANGE_LOOP_ANALYSIS = YES;
				CLANG_WARN_STRICT_PROTOTYPES = YES;
				CLANG_WARN_SUSPICIOUS_MOVE = YES;
				CLANG_WARN_UNGUARDED_AVAILABILITY = YES_AGGRESSIVE;
				CLANG_WARN_UNREACHABLE_CODE = YES;
				CLANG_WARN__DUPLICATE_METHOD_MATCH = YES;
				COPY_PHASE_STRIP = NO;
				DEBUG_INFORMATION_FORMAT = "dwarf-with-dsym";
				ENABLE_NS_ASSERTIONS = NO;
				ENABLE_STRICT_OBJC_MSGSEND = YES;
				ENABLE_USER_SCRIPT_SANDBOXING = YES;
				GCC_C_LANGUAGE_STANDARD = gnu17;
				GCC_NO_COMMON_BLOCKS = YES;
				GCC_WARN_64_TO_32_BIT_CONVERSION = YES;
				GCC_WARN_ABOUT_RETURN_TYPE = YES_ERROR;
				GCC_WARN_UNDECLARED_SELECTOR = YES;
				GCC_WARN_UNINITIALIZED_AUTOS = YES_AGGRESSIVE;
				GCC_WARN_UNUSED_FUNCTION = YES;
				GCC_WARN_UNUSED_VARIABLE = YES;
				LOCALIZATION_PREFERS_STRING_CATALOGS = YES;
				MTL_ENABLE_DEBUG_INFO = NO;
				MTL_FAST_MATH = YES;
				SWIFT_COMPILATION_MODE = wholemodule;
			};
			name = Release;
		};
		FF9C9F8A2C50C1AF006BB902 /* Debug */ = {
			isa = XCBuildConfiguration;
			buildSettings = {
				ASSETCATALOG_COMPILER_APPICON_NAME = AppIcon;
				ASSETCATALOG_COMPILER_GLOBAL_ACCENT_COLOR_NAME = AccentColor;
				CODE_SIGN_ENTITLEMENTS = SWIFTUI_Movie/SWIFTUI_Movie.entitlements;
				CODE_SIGN_STYLE = Automatic;
				CURRENT_PROJECT_VERSION = 1;
				DEVELOPMENT_ASSET_PATHS = "\"SWIFTUI_Movie/Preview Content\"";
				DEVELOPMENT_TEAM = 6V8879W55Z;
				ENABLE_HARDENED_RUNTIME = YES;
				ENABLE_PREVIEWS = YES;
				GENERATE_INFOPLIST_FILE = YES;
				INFOPLIST_FILE = "SWIFTUI-Movie-Info.plist";
				"INFOPLIST_KEY_UIApplicationSceneManifest_Generation[sdk=iphoneos*]" = YES;
				"INFOPLIST_KEY_UIApplicationSceneManifest_Generation[sdk=iphonesimulator*]" = YES;
				"INFOPLIST_KEY_UIApplicationSupportsIndirectInputEvents[sdk=iphoneos*]" = YES;
				"INFOPLIST_KEY_UIApplicationSupportsIndirectInputEvents[sdk=iphonesimulator*]" = YES;
				"INFOPLIST_KEY_UILaunchScreen_Generation[sdk=iphoneos*]" = YES;
				"INFOPLIST_KEY_UILaunchScreen_Generation[sdk=iphonesimulator*]" = YES;
				"INFOPLIST_KEY_UIStatusBarStyle[sdk=iphoneos*]" = UIStatusBarStyleDefault;
				"INFOPLIST_KEY_UIStatusBarStyle[sdk=iphonesimulator*]" = UIStatusBarStyleDefault;
				INFOPLIST_KEY_UISupportedInterfaceOrientations_iPad = "UIInterfaceOrientationPortrait UIInterfaceOrientationPortraitUpsideDown UIInterfaceOrientationLandscapeLeft UIInterfaceOrientationLandscapeRight";
				INFOPLIST_KEY_UISupportedInterfaceOrientations_iPhone = "UIInterfaceOrientationPortrait UIInterfaceOrientationLandscapeLeft UIInterfaceOrientationLandscapeRight";
				IPHONEOS_DEPLOYMENT_TARGET = 17.0;
				LD_RUNPATH_SEARCH_PATHS = "@executable_path/Frameworks";
				"LD_RUNPATH_SEARCH_PATHS[sdk=macosx*]" = "@executable_path/../Frameworks";
				MACOSX_DEPLOYMENT_TARGET = 14.3;
				MARKETING_VERSION = 1.0;
				PRODUCT_BUNDLE_IDENTIFIER = "com.yslee.swiftui.movie.SWIFTUI-Movie";
				PRODUCT_NAME = "$(TARGET_NAME)";
				SDKROOT = auto;
				SUPPORTED_PLATFORMS = "iphoneos iphonesimulator";
				SUPPORTS_MACCATALYST = NO;
				SWIFT_EMIT_LOC_STRINGS = YES;
				SWIFT_VERSION = 5.0;
				TARGETED_DEVICE_FAMILY = 1;
			};
			name = Debug;
		};
		FF9C9F8B2C50C1AF006BB902 /* Release */ = {
			isa = XCBuildConfiguration;
			buildSettings = {
				ASSETCATALOG_COMPILER_APPICON_NAME = AppIcon;
				ASSETCATALOG_COMPILER_GLOBAL_ACCENT_COLOR_NAME = AccentColor;
				CODE_SIGN_ENTITLEMENTS = SWIFTUI_Movie/SWIFTUI_Movie.entitlements;
				CODE_SIGN_STYLE = Automatic;
				CURRENT_PROJECT_VERSION = 1;
				DEVELOPMENT_ASSET_PATHS = "\"SWIFTUI_Movie/Preview Content\"";
				DEVELOPMENT_TEAM = 6V8879W55Z;
				ENABLE_HARDENED_RUNTIME = YES;
				ENABLE_PREVIEWS = YES;
				GENERATE_INFOPLIST_FILE = YES;
				INFOPLIST_FILE = "SWIFTUI-Movie-Info.plist";
				"INFOPLIST_KEY_UIApplicationSceneManifest_Generation[sdk=iphoneos*]" = YES;
				"INFOPLIST_KEY_UIApplicationSceneManifest_Generation[sdk=iphonesimulator*]" = YES;
				"INFOPLIST_KEY_UIApplicationSupportsIndirectInputEvents[sdk=iphoneos*]" = YES;
				"INFOPLIST_KEY_UIApplicationSupportsIndirectInputEvents[sdk=iphonesimulator*]" = YES;
				"INFOPLIST_KEY_UILaunchScreen_Generation[sdk=iphoneos*]" = YES;
				"INFOPLIST_KEY_UILaunchScreen_Generation[sdk=iphonesimulator*]" = YES;
				"INFOPLIST_KEY_UIStatusBarStyle[sdk=iphoneos*]" = UIStatusBarStyleDefault;
				"INFOPLIST_KEY_UIStatusBarStyle[sdk=iphonesimulator*]" = UIStatusBarStyleDefault;
				INFOPLIST_KEY_UISupportedInterfaceOrientations_iPad = "UIInterfaceOrientationPortrait UIInterfaceOrientationPortraitUpsideDown UIInterfaceOrientationLandscapeLeft UIInterfaceOrientationLandscapeRight";
				INFOPLIST_KEY_UISupportedInterfaceOrientations_iPhone = "UIInterfaceOrientationPortrait UIInterfaceOrientationLandscapeLeft UIInterfaceOrientationLandscapeRight";
				IPHONEOS_DEPLOYMENT_TARGET = 17.0;
				LD_RUNPATH_SEARCH_PATHS = "@executable_path/Frameworks";
				"LD_RUNPATH_SEARCH_PATHS[sdk=macosx*]" = "@executable_path/../Frameworks";
				MACOSX_DEPLOYMENT_TARGET = 14.3;
				MARKETING_VERSION = 1.0;
				PRODUCT_BUNDLE_IDENTIFIER = "com.yslee.swiftui.movie.SWIFTUI-Movie";
				PRODUCT_NAME = "$(TARGET_NAME)";
				SDKROOT = auto;
				SUPPORTED_PLATFORMS = "iphoneos iphonesimulator";
				SUPPORTS_MACCATALYST = NO;
				SWIFT_EMIT_LOC_STRINGS = YES;
				SWIFT_VERSION = 5.0;
				TARGETED_DEVICE_FAMILY = 1;
			};
			name = Release;
		};
		FF9C9F8D2C50C1AF006BB902 /* Debug */ = {
			isa = XCBuildConfiguration;
			buildSettings = {
				ALWAYS_EMBED_SWIFT_STANDARD_LIBRARIES = YES;
				BUNDLE_LOADER = "$(TEST_HOST)";
				CODE_SIGN_STYLE = Automatic;
				CURRENT_PROJECT_VERSION = 1;
				DEVELOPMENT_TEAM = 6V8879W55Z;
				GENERATE_INFOPLIST_FILE = YES;
				IPHONEOS_DEPLOYMENT_TARGET = 17.5;
				MACOSX_DEPLOYMENT_TARGET = 14.3;
				MARKETING_VERSION = 1.0;
				PRODUCT_BUNDLE_IDENTIFIER = "com.yslee.swiftui.movie.SWIFTUI-MovieTests";
				PRODUCT_NAME = "$(TARGET_NAME)";
				SDKROOT = auto;
				SUPPORTED_PLATFORMS = "iphoneos iphonesimulator macosx";
				SWIFT_EMIT_LOC_STRINGS = NO;
				SWIFT_VERSION = 5.0;
				TARGETED_DEVICE_FAMILY = "1,2";
				TEST_HOST = "$(BUILT_PRODUCTS_DIR)/SWIFTUI_Movie.app/$(BUNDLE_EXECUTABLE_FOLDER_PATH)/SWIFTUI_Movie";
			};
			name = Debug;
		};
		FF9C9F8E2C50C1AF006BB902 /* Release */ = {
			isa = XCBuildConfiguration;
			buildSettings = {
				ALWAYS_EMBED_SWIFT_STANDARD_LIBRARIES = YES;
				BUNDLE_LOADER = "$(TEST_HOST)";
				CODE_SIGN_STYLE = Automatic;
				CURRENT_PROJECT_VERSION = 1;
				DEVELOPMENT_TEAM = 6V8879W55Z;
				GENERATE_INFOPLIST_FILE = YES;
				IPHONEOS_DEPLOYMENT_TARGET = 17.5;
				MACOSX_DEPLOYMENT_TARGET = 14.3;
				MARKETING_VERSION = 1.0;
				PRODUCT_BUNDLE_IDENTIFIER = "com.yslee.swiftui.movie.SWIFTUI-MovieTests";
				PRODUCT_NAME = "$(TARGET_NAME)";
				SDKROOT = auto;
				SUPPORTED_PLATFORMS = "iphoneos iphonesimulator macosx";
				SWIFT_EMIT_LOC_STRINGS = NO;
				SWIFT_VERSION = 5.0;
				TARGETED_DEVICE_FAMILY = "1,2";
				TEST_HOST = "$(BUILT_PRODUCTS_DIR)/SWIFTUI_Movie.app/$(BUNDLE_EXECUTABLE_FOLDER_PATH)/SWIFTUI_Movie";
			};
			name = Release;
		};
		FF9C9F902C50C1AF006BB902 /* Debug */ = {
			isa = XCBuildConfiguration;
			buildSettings = {
				ALWAYS_EMBED_SWIFT_STANDARD_LIBRARIES = YES;
				CODE_SIGN_STYLE = Automatic;
				CURRENT_PROJECT_VERSION = 1;
				DEVELOPMENT_TEAM = 6V8879W55Z;
				GENERATE_INFOPLIST_FILE = YES;
				IPHONEOS_DEPLOYMENT_TARGET = 17.5;
				MACOSX_DEPLOYMENT_TARGET = 14.3;
				MARKETING_VERSION = 1.0;
				PRODUCT_BUNDLE_IDENTIFIER = "com.yslee.swiftui.movie.SWIFTUI-MovieUITests";
				PRODUCT_NAME = "$(TARGET_NAME)";
				SDKROOT = auto;
				SUPPORTED_PLATFORMS = "iphoneos iphonesimulator macosx";
				SWIFT_EMIT_LOC_STRINGS = NO;
				SWIFT_VERSION = 5.0;
				TARGETED_DEVICE_FAMILY = "1,2";
				TEST_TARGET_NAME = SWIFTUI_Movie;
			};
			name = Debug;
		};
		FF9C9F912C50C1AF006BB902 /* Release */ = {
			isa = XCBuildConfiguration;
			buildSettings = {
				ALWAYS_EMBED_SWIFT_STANDARD_LIBRARIES = YES;
				CODE_SIGN_STYLE = Automatic;
				CURRENT_PROJECT_VERSION = 1;
				DEVELOPMENT_TEAM = 6V8879W55Z;
				GENERATE_INFOPLIST_FILE = YES;
				IPHONEOS_DEPLOYMENT_TARGET = 17.5;
				MACOSX_DEPLOYMENT_TARGET = 14.3;
				MARKETING_VERSION = 1.0;
				PRODUCT_BUNDLE_IDENTIFIER = "com.yslee.swiftui.movie.SWIFTUI-MovieUITests";
				PRODUCT_NAME = "$(TARGET_NAME)";
				SDKROOT = auto;
				SUPPORTED_PLATFORMS = "iphoneos iphonesimulator macosx";
				SWIFT_EMIT_LOC_STRINGS = NO;
				SWIFT_VERSION = 5.0;
				TARGETED_DEVICE_FAMILY = "1,2";
				TEST_TARGET_NAME = SWIFTUI_Movie;
			};
			name = Release;
		};
/* End XCBuildConfiguration section */

/* Begin XCConfigurationList section */
		FF9C9F5F2C50C1AD006BB902 /* Build configuration list for PBXProject "SWIFTUI_Movie" */ = {
			isa = XCConfigurationList;
			buildConfigurations = (
				FF9C9F872C50C1AF006BB902 /* Debug */,
				FF9C9F882C50C1AF006BB902 /* Release */,
			);
			defaultConfigurationIsVisible = 0;
			defaultConfigurationName = Release;
		};
		FF9C9F892C50C1AF006BB902 /* Build configuration list for PBXNativeTarget "SWIFTUI_Movie" */ = {
			isa = XCConfigurationList;
			buildConfigurations = (
				FF9C9F8A2C50C1AF006BB902 /* Debug */,
				FF9C9F8B2C50C1AF006BB902 /* Release */,
			);
			defaultConfigurationIsVisible = 0;
			defaultConfigurationName = Release;
		};
		FF9C9F8C2C50C1AF006BB902 /* Build configuration list for PBXNativeTarget "SWIFTUI_MovieTests" */ = {
			isa = XCConfigurationList;
			buildConfigurations = (
				FF9C9F8D2C50C1AF006BB902 /* Debug */,
				FF9C9F8E2C50C1AF006BB902 /* Release */,
			);
			defaultConfigurationIsVisible = 0;
			defaultConfigurationName = Release;
		};
		FF9C9F8F2C50C1AF006BB902 /* Build configuration list for PBXNativeTarget "SWIFTUI_MovieUITests" */ = {
			isa = XCConfigurationList;
			buildConfigurations = (
				FF9C9F902C50C1AF006BB902 /* Debug */,
				FF9C9F912C50C1AF006BB902 /* Release */,
			);
			defaultConfigurationIsVisible = 0;
			defaultConfigurationName = Release;
		};
/* End XCConfigurationList section */

/* Begin XCRemoteSwiftPackageReference section */
		FFA7A1582C58869E00D52009 /* XCRemoteSwiftPackageReference "swift-composable-architecture" */ = {
			isa = XCRemoteSwiftPackageReference;
			repositoryURL = "https://github.com/pointfreeco/swift-composable-architecture";
			requirement = {
				kind = upToNextMajorVersion;
				minimumVersion = 1.12.1;
			};
		};
		FFA7A15B2C5886AA00D52009 /* XCRemoteSwiftPackageReference "Kingfisher" */ = {
			isa = XCRemoteSwiftPackageReference;
			repositoryURL = "https://github.com/onevcat/Kingfisher.git";
			requirement = {
				kind = upToNextMajorVersion;
				minimumVersion = 7.12.0;
			};
		};
/* End XCRemoteSwiftPackageReference section */

/* Begin XCSwiftPackageProductDependency section */
		FFA7A1592C58869E00D52009 /* ComposableArchitecture */ = {
			isa = XCSwiftPackageProductDependency;
			package = FFA7A1582C58869E00D52009 /* XCRemoteSwiftPackageReference "swift-composable-architecture" */;
			productName = ComposableArchitecture;
		};
		FFA7A15C2C5886AB00D52009 /* Kingfisher */ = {
			isa = XCSwiftPackageProductDependency;
			package = FFA7A15B2C5886AA00D52009 /* XCRemoteSwiftPackageReference "Kingfisher" */;
			productName = Kingfisher;
		};
/* End XCSwiftPackageProductDependency section */
	};
	rootObject = FF9C9F5C2C50C1AD006BB902 /* Project object */;
}
