// !$*UTF8*$!
{
	archiveVersion = 1;
	classes = {
	};
	objectVersion = 56;
	objects = {

/* Begin PBXBuildFile section */
		FF9C9F682C50C1AD006BB902 /* SWIFTUI_MovieApp.swift in Sources */ = {isa = PBXBuildFile; fileRef = FF9C9F672C50C1AD006BB902 /* SWIFTUI_MovieApp.swift */; };
		FF9C9F6A2C50C1AD006BB902 /* ContentView.swift in Sources */ = {isa = PBXBuildFile; fileRef = FF9C9F692C50C1AD006BB902 /* ContentView.swift */; };
		FF9C9F6C2C50C1AF006BB902 /* Assets.xcassets in Resources */ = {isa = PBXBuildFile; fileRef = FF9C9F6B2C50C1AF006BB902 /* Assets.xcassets */; };
		FF9C9F702C50C1AF006BB902 /* Preview Assets.xcassets in Resources */ = {isa = PBXBuildFile; fileRef = FF9C9F6F2C50C1AF006BB902 /* Preview Assets.xcassets */; };
		FF9C9F7A2C50C1AF006BB902 /* SWIFTUI_MovieTests.swift in Sources */ = {isa = PBXBuildFile; fileRef = FF9C9F792C50C1AF006BB902 /* SWIFTUI_MovieTests.swift */; };
		FF9C9F842C50C1AF006BB902 /* SWIFTUI_MovieUITests.swift in Sources */ = {isa = PBXBuildFile; fileRef = FF9C9F832C50C1AF006BB902 /* SWIFTUI_MovieUITests.swift */; };
		FF9C9F862C50C1AF006BB902 /* SWIFTUI_MovieUITestsLaunchTests.swift in Sources */ = {isa = PBXBuildFile; fileRef = FF9C9F852C50C1AF006BB902 /* SWIFTUI_MovieUITestsLaunchTests.swift */; };
/* End PBXBuildFile section */

/* Begin PBXContainerItemProxy section */
		FF9C9F762C50C1AF006BB902 /* PBXContainerItemProxy */ = {
			isa = PBXContainerItemProxy;
			containerPortal = FF9C9F5C2C50C1AD006BB902 /* Project object */;
			proxyType = 1;
			remoteGlobalIDString = FF9C9F632C50C1AD006BB902;
			remoteInfo = SWIFTUI_Movie;
		};
		FF9C9F802C50C1AF006BB902 /* PBXContainerItemProxy */ = {
			isa = PBXContainerItemProxy;
			containerPortal = FF9C9F5C2C50C1AD006BB902 /* Project object */;
			proxyType = 1;
			remoteGlobalIDString = FF9C9F632C50C1AD006BB902;
			remoteInfo = SWIFTUI_Movie;
		};
/* End PBXContainerItemProxy section */

/* Begin PBXFileReference section */
		FF9C9F642C50C1AD006BB902 /* SWIFTUI_Movie.app */ = {isa = PBXFileReference; explicitFileType = wrapper.application; includeInIndex = 0; path = SWIFTUI_Movie.app; sourceTree = BUILT_PRODUCTS_DIR; };
		FF9C9F672C50C1AD006BB902 /* SWIFTUI_MovieApp.swift */ = {isa = PBXFileReference; lastKnownFileType = sourcecode.swift; path = SWIFTUI_MovieApp.swift; sourceTree = "<group>"; };
		FF9C9F692C50C1AD006BB902 /* ContentView.swift */ = {isa = PBXFileReference; lastKnownFileType = sourcecode.swift; path = ContentView.swift; sourceTree = "<group>"; };
		FF9C9F6B2C50C1AF006BB902 /* Assets.xcassets */ = {isa = PBXFileReference; lastKnownFileType = folder.assetcatalog; path = Assets.xcassets; sourceTree = "<group>"; };
		FF9C9F6D2C50C1AF006BB902 /* SWIFTUI_Movie.entitlements */ = {isa = PBXFileReference; lastKnownFileType = text.plist.entitlements; path = SWIFTUI_Movie.entitlements; sourceTree = "<group>"; };
		FF9C9F6F2C50C1AF006BB902 /* Preview Assets.xcassets */ = {isa = PBXFileReference; lastKnownFileType = folder.assetcatalog; path = "Preview Assets.xcassets"; sourceTree = "<group>"; };
		FF9C9F752C50C1AF006BB902 /* SWIFTUI_MovieTests.xctest */ = {isa = PBXFileReference; explicitFileType = wrapper.cfbundle; includeInIndex = 0; path = SWIFTUI_MovieTests.xctest; sourceTree = BUILT_PRODUCTS_DIR; };
		FF9C9F792C50C1AF006BB902 /* SWIFTUI_MovieTests.swift */ = {isa = PBXFileReference; lastKnownFileType = sourcecode.swift; path = SWIFTUI_MovieTests.swift; sourceTree = "<group>"; };
		FF9C9F7F2C50C1AF006BB902 /* SWIFTUI_MovieUITests.xctest */ = {isa = PBXFileReference; explicitFileType = wrapper.cfbundle; includeInIndex = 0; path = SWIFTUI_MovieUITests.xctest; sourceTree = BUILT_PRODUCTS_DIR; };
		FF9C9F832C50C1AF006BB902 /* SWIFTUI_MovieUITests.swift */ = {isa = PBXFileReference; lastKnownFileType = sourcecode.swift; path = SWIFTUI_MovieUITests.swift; sourceTree = "<group>"; };
		FF9C9F852C50C1AF006BB902 /* SWIFTUI_MovieUITestsLaunchTests.swift */ = {isa = PBXFileReference; lastKnownFileType = sourcecode.swift; path = SWIFTUI_MovieUITestsLaunchTests.swift; sourceTree = "<group>"; };
/* End PBXFileReference section */

/* Begin PBXFrameworksBuildPhase section */
		FF9C9F612C50C1AD006BB902 /* Frameworks */ = {
			isa = PBXFrameworksBuildPhase;
			buildActionMask = 2147483647;
			files = (
			);
			runOnlyForDeploymentPostprocessing = 0;
		};
		FF9C9F722C50C1AF006BB902 /* Frameworks */ = {
			isa = PBXFrameworksBuildPhase;
			buildActionMask = 2147483647;
			files = (
			);
			runOnlyForDeploymentPostprocessing = 0;
		};
		FF9C9F7C2C50C1AF006BB902 /* Frameworks */ = {
			isa = PBXFrameworksBuildPhase;
			buildActionMask = 2147483647;
			files = (
			);
			runOnlyForDeploymentPostprocessing = 0;
		};
/* End PBXFrameworksBuildPhase section */

/* Begin PBXGroup section */
		FF9C9F5B2C50C1AD006BB902 = {
			isa = PBXGroup;
			children = (
				FF9C9F662C50C1AD006BB902 /* SWIFTUI_Movie */,
				FF9C9F782C50C1AF006BB902 /* SWIFTUI_MovieTests */,
				FF9C9F822C50C1AF006BB902 /* SWIFTUI_MovieUITests */,
				FF9C9F652C50C1AD006BB902 /* Products */,
			);
			sourceTree = "<group>";
		};
		FF9C9F652C50C1AD006BB902 /* Products */ = {
			isa = PBXGroup;
			children = (
				FF9C9F642C50C1AD006BB902 /* SWIFTUI_Movie.app */,
				FF9C9F752C50C1AF006BB902 /* SWIFTUI_MovieTests.xctest */,
				FF9C9F7F2C50C1AF006BB902 /* SWIFTUI_MovieUITests.xctest */,
			);
			name = Products;
			sourceTree = "<group>";
		};
		FF9C9F662C50C1AD006BB902 /* SWIFTUI_Movie */ = {
			isa = PBXGroup;
			children = (
				FF9C9F672C50C1AD006BB902 /* SWIFTUI_MovieApp.swift */,
				FF9C9F692C50C1AD006BB902 /* ContentView.swift */,
				FF9C9F6B2C50C1AF006BB902 /* Assets.xcassets */,
				FF9C9F6D2C50C1AF006BB902 /* SWIFTUI_Movie.entitlements */,
				FF9C9F6E2C50C1AF006BB902 /* Preview Content */,
			);
			path = SWIFTUI_Movie;
			sourceTree = "<group>";
		};
		FF9C9F6E2C50C1AF006BB902 /* Preview Content */ = {
			isa = PBXGroup;
			children = (
				FF9C9F6F2C50C1AF006BB902 /* Preview Assets.xcassets */,
			);
			path = "Preview Content";
			sourceTree = "<group>";
		};
		FF9C9F782C50C1AF006BB902 /* SWIFTUI_MovieTests */ = {
			isa = PBXGroup;
			children = (
				FF9C9F792C50C1AF006BB902 /* SWIFTUI_MovieTests.swift */,
			);
			path = SWIFTUI_MovieTests;
			sourceTree = "<group>";
		};
		FF9C9F822C50C1AF006BB902 /* SWIFTUI_MovieUITests */ = {
			isa = PBXGroup;
			children = (
				FF9C9F832C50C1AF006BB902 /* SWIFTUI_MovieUITests.swift */,
				FF9C9F852C50C1AF006BB902 /* SWIFTUI_MovieUITestsLaunchTests.swift */,
			);
			path = SWIFTUI_MovieUITests;
			sourceTree = "<group>";
		};
/* End PBXGroup section */

/* Begin PBXNativeTarget section */
		FF9C9F632C50C1AD006BB902 /* SWIFTUI_Movie */ = {
			isa = PBXNativeTarget;
			buildConfigurationList = FF9C9F892C50C1AF006BB902 /* Build configuration list for PBXNativeTarget "SWIFTUI_Movie" */;
			buildPhases = (
				FF9C9F602C50C1AD006BB902 /* Sources */,
				FF9C9F612C50C1AD006BB902 /* Frameworks */,
				FF9C9F622C50C1AD006BB902 /* Resources */,
			);
			buildRules = (
			);
			dependencies = (
			);
			name = SWIFTUI_Movie;
			productName = SWIFTUI_Movie;
			productReference = FF9C9F642C50C1AD006BB902 /* SWIFTUI_Movie.app */;
			productType = "com.apple.product-type.application";
		};
		FF9C9F742C50C1AF006BB902 /* SWIFTUI_MovieTests */ = {
			isa = PBXNativeTarget;
			buildConfigurationList = FF9C9F8C2C50C1AF006BB902 /* Build configuration list for PBXNativeTarget "SWIFTUI_MovieTests" */;
			buildPhases = (
				FF9C9F712C50C1AF006BB902 /* Sources */,
				FF9C9F722C50C1AF006BB902 /* Frameworks */,
				FF9C9F732C50C1AF006BB902 /* Resources */,
			);
			buildRules = (
			);
			dependencies = (
				FF9C9F772C50C1AF006BB902 /* PBXTargetDependency */,
			);
			name = SWIFTUI_MovieTests;
			productName = SWIFTUI_MovieTests;
			productReference = FF9C9F752C50C1AF006BB902 /* SWIFTUI_MovieTests.xctest */;
			productType = "com.apple.product-type.bundle.unit-test";
		};
		FF9C9F7E2C50C1AF006BB902 /* SWIFTUI_MovieUITests */ = {
			isa = PBXNativeTarget;
			buildConfigurationList = FF9C9F8F2C50C1AF006BB902 /* Build configuration list for PBXNativeTarget "SWIFTUI_MovieUITests" */;
			buildPhases = (
				FF9C9F7B2C50C1AF006BB902 /* Sources */,
				FF9C9F7C2C50C1AF006BB902 /* Frameworks */,
				FF9C9F7D2C50C1AF006BB902 /* Resources */,
			);
			buildRules = (
			);
			dependencies = (
				FF9C9F812C50C1AF006BB902 /* PBXTargetDependency */,
			);
			name = SWIFTUI_MovieUITests;
			productName = SWIFTUI_MovieUITests;
			productReference = FF9C9F7F2C50C1AF006BB902 /* SWIFTUI_MovieUITests.xctest */;
			productType = "com.apple.product-type.bundle.ui-testing";
		};
/* End PBXNativeTarget section */

/* Begin PBXProject section */
		FF9C9F5C2C50C1AD006BB902 /* Project object */ = {
			isa = PBXProject;
			attributes = {
				BuildIndependentTargetsInParallel = 1;
				LastSwiftUpdateCheck = 1540;
				LastUpgradeCheck = 1540;
				TargetAttributes = {
					FF9C9F632C50C1AD006BB902 = {
						CreatedOnToolsVersion = 15.4;
					};
					FF9C9F742C50C1AF006BB902 = {
						CreatedOnToolsVersion = 15.4;
						TestTargetID = FF9C9F632C50C1AD006BB902;
					};
					FF9C9F7E2C50C1AF006BB902 = {
						CreatedOnToolsVersion = 15.4;
						TestTargetID = FF9C9F632C50C1AD006BB902;
					};
				};
			};
			buildConfigurationList = FF9C9F5F2C50C1AD006BB902 /* Build configuration list for PBXProject "SWIFTUI_Movie" */;
			compatibilityVersion = "Xcode 14.0";
			developmentRegion = en;
			hasScannedForEncodings = 0;
			knownRegions = (
				en,
				Base,
			);
			mainGroup = FF9C9F5B2C50C1AD006BB902;
			productRefGroup = FF9C9F652C50C1AD006BB902 /* Products */;
			projectDirPath = "";
			projectRoot = "";
			targets = (
				FF9C9F632C50C1AD006BB902 /* SWIFTUI_Movie */,
				FF9C9F742C50C1AF006BB902 /* SWIFTUI_MovieTests */,
				FF9C9F7E2C50C1AF006BB902 /* SWIFTUI_MovieUITests */,
			);
		};
/* End PBXProject section */

/* Begin PBXResourcesBuildPhase section */
		FF9C9F622C50C1AD006BB902 /* Resources */ = {
			isa = PBXResourcesBuildPhase;
			buildActionMask = 2147483647;
			files = (
				FF9C9F702C50C1AF006BB902 /* Preview Assets.xcassets in Resources */,
				FF9C9F6C2C50C1AF006BB902 /* Assets.xcassets in Resources */,
			);
			runOnlyForDeploymentPostprocessing = 0;
		};
		FF9C9F732C50C1AF006BB902 /* Resources */ = {
			isa = PBXResourcesBuildPhase;
			buildActionMask = 2147483647;
			files = (
			);
			runOnlyForDeploymentPostprocessing = 0;
		};
		FF9C9F7D2C50C1AF006BB902 /* Resources */ = {
			isa = PBXResourcesBuildPhase;
			buildActionMask = 2147483647;
			files = (
			);
			runOnlyForDeploymentPostprocessing = 0;
		};
/* End PBXResourcesBuildPhase section */

/* Begin PBXSourcesBuildPhase section */
		FF9C9F602C50C1AD006BB902 /* Sources */ = {
			isa = PBXSourcesBuildPhase;
			buildActionMask = 2147483647;
			files = (
				FF9C9F6A2C50C1AD006BB902 /* ContentView.swift in Sources */,
				FF9C9F682C50C1AD006BB902 /* SWIFTUI_MovieApp.swift in Sources */,
			);
			runOnlyForDeploymentPostprocessing = 0;
		};
		FF9C9F712C50C1AF006BB902 /* Sources */ = {
			isa = PBXSourcesBuildPhase;
			buildActionMask = 2147483647;
			files = (
				FF9C9F7A2C50C1AF006BB902 /* SWIFTUI_MovieTests.swift in Sources */,
			);
			runOnlyForDeploymentPostprocessing = 0;
		};
		FF9C9F7B2C50C1AF006BB902 /* Sources */ = {
			isa = PBXSourcesBuildPhase;
			buildActionMask = 2147483647;
			files = (
				FF9C9F842C50C1AF006BB902 /* SWIFTUI_MovieUITests.swift in Sources */,
				FF9C9F862C50C1AF006BB902 /* SWIFTUI_MovieUITestsLaunchTests.swift in Sources */,
			);
			runOnlyForDeploymentPostprocessing = 0;
		};
/* End PBXSourcesBuildPhase section */

/* Begin PBXTargetDependency section */
		FF9C9F772C50C1AF006BB902 /* PBXTargetDependency */ = {
			isa = PBXTargetDependency;
			target = FF9C9F632C50C1AD006BB902 /* SWIFTUI_Movie */;
			targetProxy = FF9C9F762C50C1AF006BB902 /* PBXContainerItemProxy */;
		};
		FF9C9F812C50C1AF006BB902 /* PBXTargetDependency */ = {
			isa = PBXTargetDependency;
			target = FF9C9F632C50C1AD006BB902 /* SWIFTUI_Movie */;
			targetProxy = FF9C9F802C50C1AF006BB902 /* PBXContainerItemProxy */;
		};
/* End PBXTargetDependency section */

/* Begin XCBuildConfiguration section */
		FF9C9F872C50C1AF006BB902 /* Debug */ = {
			isa = XCBuildConfiguration;
			buildSettings = {
				ALWAYS_SEARCH_USER_PATHS = NO;
				ASSETCATALOG_COMPILER_GENERATE_SWIFT_ASSET_SYMBOL_EXTENSIONS = YES;
				CLANG_ANALYZER_NONNULL = YES;
				CLANG_ANALYZER_NUMBER_OBJECT_CONVERSION = YES_AGGRESSIVE;
				CLANG_CXX_LANGUAGE_STANDARD = "gnu++20";
				CLANG_ENABLE_MODULES = YES;
				CLANG_ENABLE_OBJC_ARC = YES;
				CLANG_ENABLE_OBJC_WEAK = YES;
				CLANG_WARN_BLOCK_CAPTURE_AUTORELEASING = YES;
				CLANG_WARN_BOOL_CONVERSION = YES;
				CLANG_WARN_COMMA = YES;
				CLANG_WARN_CONSTANT_CONVERSION = YES;
				CLANG_WARN_DEPRECATED_OBJC_IMPLEMENTATIONS = YES;
				CLANG_WARN_DIRECT_OBJC_ISA_USAGE = YES_ERROR;
				CLANG_WARN_DOCUMENTATION_COMMENTS = YES;
				CLANG_WARN_EMPTY_BODY = YES;
				CLANG_WARN_ENUM_CONVERSION = YES;
				CLANG_WARN_INFINITE_RECURSION = YES;
				CLANG_WARN_INT_CONVERSION = YES;
				CLANG_WARN_NON_LITERAL_NULL_CONVERSION = YES;
				CLANG_WARN_OBJC_IMPLICIT_RETAIN_SELF = YES;
				CLANG_WARN_OBJC_LITERAL_CONVERSION = YES;
				CLANG_WARN_OBJC_ROOT_CLASS = YES_ERROR;
				CLANG_WARN_QUOTED_INCLUDE_IN_FRAMEWORK_HEADER = YES;
				CLANG_WARN_RANGE_LOOP_ANALYSIS = YES;
				CLANG_WARN_STRICT_PROTOTYPES = YES;
				CLANG_WARN_SUSPICIOUS_MOVE = YES;
				CLANG_WARN_UNGUARDED_AVAILABILITY = YES_AGGRESSIVE;
				CLANG_WARN_UNREACHABLE_CODE = YES;
				CLANG_WARN__DUPLICATE_METHOD_MATCH = YES;
				COPY_PHASE_STRIP = NO;
				DEBUG_INFORMATION_FORMAT = dwarf;
				ENABLE_STRICT_OBJC_MSGSEND = YES;
				ENABLE_TESTABILITY = YES;
				ENABLE_USER_SCRIPT_SANDBOXING = YES;
				GCC_C_LANGUAGE_STANDARD = gnu17;
				GCC_DYNAMIC_NO_PIC = NO;
				GCC_NO_COMMON_BLOCKS = YES;
				GCC_OPTIMIZATION_LEVEL = 0;
				GCC_PREPROCESSOR_DEFINITIONS = (
					"DEBUG=1",
					"$(inherited)",
				);
				GCC_WARN_64_TO_32_BIT_CONVERSION = YES;
				GCC_WARN_ABOUT_RETURN_TYPE = YES_ERROR;
				GCC_WARN_UNDECLARED_SELECTOR = YES;
				GCC_WARN_UNINITIALIZED_AUTOS = YES_AGGRESSIVE;
				GCC_WARN_UNUSED_FUNCTION = YES;
				GCC_WARN_UNUSED_VARIABLE = YES;
				LOCALIZATION_PREFERS_STRING_CATALOGS = YES;
				MTL_ENABLE_DEBUG_INFO = INCLUDE_SOURCE;
				MTL_FAST_MATH = YES;
				ONLY_ACTIVE_ARCH = YES;
				SWIFT_ACTIVE_COMPILATION_CONDITIONS = "DEBUG $(inherited)";
				SWIFT_OPTIMIZATION_LEVEL = "-Onone";
			};
			name = Debug;
		};
		FF9C9F882C50C1AF006BB902 /* Release */ = {
			isa = XCBuildConfiguration;
			buildSettings = {
				ALWAYS_SEARCH_USER_PATHS = NO;
				ASSETCATALOG_COMPILER_GENERATE_SWIFT_ASSET_SYMBOL_EXTENSIONS = YES;
				CLANG_ANALYZER_NONNULL = YES;
				CLANG_ANALYZER_NUMBER_OBJECT_CONVERSION = YES_AGGRESSIVE;
				CLANG_CXX_LANGUAGE_STANDARD = "gnu++20";
				CLANG_ENABLE_MODULES = YES;
				CLANG_ENABLE_OBJC_ARC = YES;
				CLANG_ENABLE_OBJC_WEAK = YES;
				CLANG_WARN_BLOCK_CAPTURE_AUTORELEASING = YES;
				CLANG_WARN_BOOL_CONVERSION = YES;
				CLANG_WARN_COMMA = YES;
				CLANG_WARN_CONSTANT_CONVERSION = YES;
				CLANG_WARN_DEPRECATED_OBJC_IMPLEMENTATIONS = YES;
				CLANG_WARN_DIRECT_OBJC_ISA_USAGE = YES_ERROR;
				CLANG_WARN_DOCUMENTATION_COMMENTS = YES;
				CLANG_WARN_EMPTY_BODY = YES;
				CLANG_WARN_ENUM_CONVERSION = YES;
				CLANG_WARN_INFINITE_RECURSION = YES;
				CLANG_WARN_INT_CONVERSION = YES;
				CLANG_WARN_NON_LITERAL_NULL_CONVERSION = YES;
				CLANG_WARN_OBJC_IMPLICIT_RETAIN_SELF = YES;
				CLANG_WARN_OBJC_LITERAL_CONVERSION = YES;
				CLANG_WARN_OBJC_ROOT_CLASS = YES_ERROR;
				CLANG_WARN_QUOTED_INCLUDE_IN_FRAMEWORK_HEADER = YES;
				CLANG_WARN_RANGE_LOOP_ANALYSIS = YES;
				CLANG_WARN_STRICT_PROTOTYPES = YES;
				CLANG_WARN_SUSPICIOUS_MOVE = YES;
				CLANG_WARN_UNGUARDED_AVAILABILITY = YES_AGGRESSIVE;
				CLANG_WARN_UNREACHABLE_CODE = YES;
				CLANG_WARN__DUPLICATE_METHOD_MATCH = YES;
				COPY_PHASE_STRIP = NO;
				DEBUG_INFORMATION_FORMAT = "dwarf-with-dsym";
				ENABLE_NS_ASSERTIONS = NO;
				ENABLE_STRICT_OBJC_MSGSEND = YES;
				ENABLE_USER_SCRIPT_SANDBOXING = YES;
				GCC_C_LANGUAGE_STANDARD = gnu17;
				GCC_NO_COMMON_BLOCKS = YES;
				GCC_WARN_64_TO_32_BIT_CONVERSION = YES;
				GCC_WARN_ABOUT_RETURN_TYPE = YES_ERROR;
				GCC_WARN_UNDECLARED_SELECTOR = YES;
				GCC_WARN_UNINITIALIZED_AUTOS = YES_AGGRESSIVE;
				GCC_WARN_UNUSED_FUNCTION = YES;
				GCC_WARN_UNUSED_VARIABLE = YES;
				LOCALIZATION_PREFERS_STRING_CATALOGS = YES;
				MTL_ENABLE_DEBUG_INFO = NO;
				MTL_FAST_MATH = YES;
				SWIFT_COMPILATION_MODE = wholemodule;
			};
			name = Release;
		};
		FF9C9F8A2C50C1AF006BB902 /* Debug */ = {
			isa = XCBuildConfiguration;
			buildSettings = {
				ASSETCATALOG_COMPILER_APPICON_NAME = AppIcon;
				ASSETCATALOG_COMPILER_GLOBAL_ACCENT_COLOR_NAME = AccentColor;
				CODE_SIGN_ENTITLEMENTS = SWIFTUI_Movie/SWIFTUI_Movie.entitlements;
				CODE_SIGN_STYLE = Automatic;
				CURRENT_PROJECT_VERSION = 1;
				DEVELOPMENT_ASSET_PATHS = "\"SWIFTUI_Movie/Preview Content\"";
				DEVELOPMENT_TEAM = 6V8879W55Z;
				ENABLE_HARDENED_RUNTIME = YES;
				ENABLE_PREVIEWS = YES;
				GENERATE_INFOPLIST_FILE = YES;
				"INFOPLIST_KEY_UIApplicationSceneManifest_Generation[sdk=iphoneos*]" = YES;
				"INFOPLIST_KEY_UIApplicationSceneManifest_Generation[sdk=iphonesimulator*]" = YES;
				"INFOPLIST_KEY_UIApplicationSupportsIndirectInputEvents[sdk=iphoneos*]" = YES;
				"INFOPLIST_KEY_UIApplicationSupportsIndirectInputEvents[sdk=iphonesimulator*]" = YES;
				"INFOPLIST_KEY_UILaunchScreen_Generation[sdk=iphoneos*]" = YES;
				"INFOPLIST_KEY_UILaunchScreen_Generation[sdk=iphonesimulator*]" = YES;
				"INFOPLIST_KEY_UIStatusBarStyle[sdk=iphoneos*]" = UIStatusBarStyleDefault;
				"INFOPLIST_KEY_UIStatusBarStyle[sdk=iphonesimulator*]" = UIStatusBarStyleDefault;
				INFOPLIST_KEY_UISupportedInterfaceOrientations_iPad = "UIInterfaceOrientationPortrait UIInterfaceOrientationPortraitUpsideDown UIInterfaceOrientationLandscapeLeft UIInterfaceOrientationLandscapeRight";
				INFOPLIST_KEY_UISupportedInterfaceOrientations_iPhone = "UIInterfaceOrientationPortrait UIInterfaceOrientationLandscapeLeft UIInterfaceOrientationLandscapeRight";
				IPHONEOS_DEPLOYMENT_TARGET = 17.5;
				LD_RUNPATH_SEARCH_PATHS = "@executable_path/Frameworks";
				"LD_RUNPATH_SEARCH_PATHS[sdk=macosx*]" = "@executable_path/../Frameworks";
				MACOSX_DEPLOYMENT_TARGET = 14.3;
				MARKETING_VERSION = 1.0;
				PRODUCT_BUNDLE_IDENTIFIER = "com.yslee.swiftui.movie.SWIFTUI-Movie";
				PRODUCT_NAME = "$(TARGET_NAME)";
				SDKROOT = auto;
				SUPPORTED_PLATFORMS = "iphoneos iphonesimulator macosx";
				SWIFT_EMIT_LOC_STRINGS = YES;
				SWIFT_VERSION = 5.0;
				TARGETED_DEVICE_FAMILY = "1,2";
			};
			name = Debug;
		};
		FF9C9F8B2C50C1AF006BB902 /* Release */ = {
			isa = XCBuildConfiguration;
			buildSettings = {
				ASSETCATALOG_COMPILER_APPICON_NAME = AppIcon;
				ASSETCATALOG_COMPILER_GLOBAL_ACCENT_COLOR_NAME = AccentColor;
				CODE_SIGN_ENTITLEMENTS = SWIFTUI_Movie/SWIFTUI_Movie.entitlements;
				CODE_SIGN_STYLE = Automatic;
				CURRENT_PROJECT_VERSION = 1;
				DEVELOPMENT_ASSET_PATHS = "\"SWIFTUI_Movie/Preview Content\"";
				DEVELOPMENT_TEAM = 6V8879W55Z;
				ENABLE_HARDENED_RUNTIME = YES;
				ENABLE_PREVIEWS = YES;
				GENERATE_INFOPLIST_FILE = YES;
				"INFOPLIST_KEY_UIApplicationSceneManifest_Generation[sdk=iphoneos*]" = YES;
				"INFOPLIST_KEY_UIApplicationSceneManifest_Generation[sdk=iphonesimulator*]" = YES;
				"INFOPLIST_KEY_UIApplicationSupportsIndirectInputEvents[sdk=iphoneos*]" = YES;
				"INFOPLIST_KEY_UIApplicationSupportsIndirectInputEvents[sdk=iphonesimulator*]" = YES;
				"INFOPLIST_KEY_UILaunchScreen_Generation[sdk=iphoneos*]" = YES;
				"INFOPLIST_KEY_UILaunchScreen_Generation[sdk=iphonesimulator*]" = YES;
				"INFOPLIST_KEY_UIStatusBarStyle[sdk=iphoneos*]" = UIStatusBarStyleDefault;
				"INFOPLIST_KEY_UIStatusBarStyle[sdk=iphonesimulator*]" = UIStatusBarStyleDefault;
				INFOPLIST_KEY_UISupportedInterfaceOrientations_iPad = "UIInterfaceOrientationPortrait UIInterfaceOrientationPortraitUpsideDown UIInterfaceOrientationLandscapeLeft UIInterfaceOrientationLandscapeRight";
				INFOPLIST_KEY_UISupportedInterfaceOrientations_iPhone = "UIInterfaceOrientationPortrait UIInterfaceOrientationLandscapeLeft UIInterfaceOrientationLandscapeRight";
				IPHONEOS_DEPLOYMENT_TARGET = 17.5;
				LD_RUNPATH_SEARCH_PATHS = "@executable_path/Frameworks";
				"LD_RUNPATH_SEARCH_PATHS[sdk=macosx*]" = "@executable_path/../Frameworks";
				MACOSX_DEPLOYMENT_TARGET = 14.3;
				MARKETING_VERSION = 1.0;
				PRODUCT_BUNDLE_IDENTIFIER = "com.yslee.swiftui.movie.SWIFTUI-Movie";
				PRODUCT_NAME = "$(TARGET_NAME)";
				SDKROOT = auto;
				SUPPORTED_PLATFORMS = "iphoneos iphonesimulator macosx";
				SWIFT_EMIT_LOC_STRINGS = YES;
				SWIFT_VERSION = 5.0;
				TARGETED_DEVICE_FAMILY = "1,2";
			};
			name = Release;
		};
		FF9C9F8D2C50C1AF006BB902 /* Debug */ = {
			isa = XCBuildConfiguration;
			buildSettings = {
				ALWAYS_EMBED_SWIFT_STANDARD_LIBRARIES = YES;
				BUNDLE_LOADER = "$(TEST_HOST)";
				CODE_SIGN_STYLE = Automatic;
				CURRENT_PROJECT_VERSION = 1;
				DEVELOPMENT_TEAM = 6V8879W55Z;
				GENERATE_INFOPLIST_FILE = YES;
				IPHONEOS_DEPLOYMENT_TARGET = 17.5;
				MACOSX_DEPLOYMENT_TARGET = 14.3;
				MARKETING_VERSION = 1.0;
				PRODUCT_BUNDLE_IDENTIFIER = "com.yslee.swiftui.movie.SWIFTUI-MovieTests";
				PRODUCT_NAME = "$(TARGET_NAME)";
				SDKROOT = auto;
				SUPPORTED_PLATFORMS = "iphoneos iphonesimulator macosx";
				SWIFT_EMIT_LOC_STRINGS = NO;
				SWIFT_VERSION = 5.0;
				TARGETED_DEVICE_FAMILY = "1,2";
				TEST_HOST = "$(BUILT_PRODUCTS_DIR)/SWIFTUI_Movie.app/$(BUNDLE_EXECUTABLE_FOLDER_PATH)/SWIFTUI_Movie";
			};
			name = Debug;
		};
		FF9C9F8E2C50C1AF006BB902 /* Release */ = {
			isa = XCBuildConfiguration;
			buildSettings = {
				ALWAYS_EMBED_SWIFT_STANDARD_LIBRARIES = YES;
				BUNDLE_LOADER = "$(TEST_HOST)";
				CODE_SIGN_STYLE = Automatic;
				CURRENT_PROJECT_VERSION = 1;
				DEVELOPMENT_TEAM = 6V8879W55Z;
				GENERATE_INFOPLIST_FILE = YES;
				IPHONEOS_DEPLOYMENT_TARGET = 17.5;
				MACOSX_DEPLOYMENT_TARGET = 14.3;
				MARKETING_VERSION = 1.0;
				PRODUCT_BUNDLE_IDENTIFIER = "com.yslee.swiftui.movie.SWIFTUI-MovieTests";
				PRODUCT_NAME = "$(TARGET_NAME)";
				SDKROOT = auto;
				SUPPORTED_PLATFORMS = "iphoneos iphonesimulator macosx";
				SWIFT_EMIT_LOC_STRINGS = NO;
				SWIFT_VERSION = 5.0;
				TARGETED_DEVICE_FAMILY = "1,2";
				TEST_HOST = "$(BUILT_PRODUCTS_DIR)/SWIFTUI_Movie.app/$(BUNDLE_EXECUTABLE_FOLDER_PATH)/SWIFTUI_Movie";
			};
			name = Release;
		};
		FF9C9F902C50C1AF006BB902 /* Debug */ = {
			isa = XCBuildConfiguration;
			buildSettings = {
				ALWAYS_EMBED_SWIFT_STANDARD_LIBRARIES = YES;
				CODE_SIGN_STYLE = Automatic;
				CURRENT_PROJECT_VERSION = 1;
				DEVELOPMENT_TEAM = 6V8879W55Z;
				GENERATE_INFOPLIST_FILE = YES;
				IPHONEOS_DEPLOYMENT_TARGET = 17.5;
				MACOSX_DEPLOYMENT_TARGET = 14.3;
				MARKETING_VERSION = 1.0;
				PRODUCT_BUNDLE_IDENTIFIER = "com.yslee.swiftui.movie.SWIFTUI-MovieUITests";
				PRODUCT_NAME = "$(TARGET_NAME)";
				SDKROOT = auto;
				SUPPORTED_PLATFORMS = "iphoneos iphonesimulator macosx";
				SWIFT_EMIT_LOC_STRINGS = NO;
				SWIFT_VERSION = 5.0;
				TARGETED_DEVICE_FAMILY = "1,2";
				TEST_TARGET_NAME = SWIFTUI_Movie;
			};
			name = Debug;
		};
		FF9C9F912C50C1AF006BB902 /* Release */ = {
			isa = XCBuildConfiguration;
			buildSettings = {
				ALWAYS_EMBED_SWIFT_STANDARD_LIBRARIES = YES;
				CODE_SIGN_STYLE = Automatic;
				CURRENT_PROJECT_VERSION = 1;
				DEVELOPMENT_TEAM = 6V8879W55Z;
				GENERATE_INFOPLIST_FILE = YES;
				IPHONEOS_DEPLOYMENT_TARGET = 17.5;
				MACOSX_DEPLOYMENT_TARGET = 14.3;
				MARKETING_VERSION = 1.0;
				PRODUCT_BUNDLE_IDENTIFIER = "com.yslee.swiftui.movie.SWIFTUI-MovieUITests";
				PRODUCT_NAME = "$(TARGET_NAME)";
				SDKROOT = auto;
				SUPPORTED_PLATFORMS = "iphoneos iphonesimulator macosx";
				SWIFT_EMIT_LOC_STRINGS = NO;
				SWIFT_VERSION = 5.0;
				TARGETED_DEVICE_FAMILY = "1,2";
				TEST_TARGET_NAME = SWIFTUI_Movie;
			};
			name = Release;
		};
/* End XCBuildConfiguration section */

/* Begin XCConfigurationList section */
		FF9C9F5F2C50C1AD006BB902 /* Build configuration list for PBXProject "SWIFTUI_Movie" */ = {
			isa = XCConfigurationList;
			buildConfigurations = (
				FF9C9F872C50C1AF006BB902 /* Debug */,
				FF9C9F882C50C1AF006BB902 /* Release */,
			);
			defaultConfigurationIsVisible = 0;
			defaultConfigurationName = Release;
		};
		FF9C9F892C50C1AF006BB902 /* Build configuration list for PBXNativeTarget "SWIFTUI_Movie" */ = {
			isa = XCConfigurationList;
			buildConfigurations = (
				FF9C9F8A2C50C1AF006BB902 /* Debug */,
				FF9C9F8B2C50C1AF006BB902 /* Release */,
			);
			defaultConfigurationIsVisible = 0;
			defaultConfigurationName = Release;
		};
		FF9C9F8C2C50C1AF006BB902 /* Build configuration list for PBXNativeTarget "SWIFTUI_MovieTests" */ = {
			isa = XCConfigurationList;
			buildConfigurations = (
				FF9C9F8D2C50C1AF006BB902 /* Debug */,
				FF9C9F8E2C50C1AF006BB902 /* Release */,
			);
			defaultConfigurationIsVisible = 0;
			defaultConfigurationName = Release;
		};
		FF9C9F8F2C50C1AF006BB902 /* Build configuration list for PBXNativeTarget "SWIFTUI_MovieUITests" */ = {
			isa = XCConfigurationList;
			buildConfigurations = (
				FF9C9F902C50C1AF006BB902 /* Debug */,
				FF9C9F912C50C1AF006BB902 /* Release */,
			);
			defaultConfigurationIsVisible = 0;
			defaultConfigurationName = Release;
		};
/* End XCConfigurationList section */
	};
	rootObject = FF9C9F5C2C50C1AD006BB902 /* Project object */;
}
